
Microsoft Visual Studio Solution File, Format Version 12.00
# Visual Studio 15
VisualStudioVersion = 15.0.26228.9
MinimumVisualStudioVersion = 10.0.40219.1
Project("{2150E333-8FDC-42A3-9474-1A3956D46DE8}") = "AdminkaV1", "AdminkaV1", "{52BA4719-F064-4388-A426-1E1174D3A0EB}"
EndProject
Project("{2150E333-8FDC-42A3-9474-1A3956D46DE8}") = "Tests", "Tests", "{FFB752D8-5E1E-4FFA-AC1D-2EEBA4622B20}"
	ProjectSection(SolutionItems) = preProject
		Tests\OpenCover.bat = Tests\OpenCover.bat
	EndProjectSection
EndProject
Project("{2150E333-8FDC-42A3-9474-1A3956D46DE8}") = "Tests", "Tests", "{68C4C8C2-2A78-4998-9D36-4A3B139B41FE}"
EndProject
Project("{FAE04EC0-301F-11D3-BF4B-00C04F79EFBC}") = "Routines", "Routines\Routines.csproj", "{7F19BF12-3F67-4185-A8F1-48BDC6129915}"
EndProject
Project("{FAE04EC0-301F-11D3-BF4B-00C04F79EFBC}") = "AdminkaV1.Injected.NETStandard", "AdminkaV1\Injected.NETStandard\AdminkaV1.Injected.NETStandard.csproj", "{A186E18C-A446-4218-A2A8-6B126DABA983}"
EndProject
Project("{FAE04EC0-301F-11D3-BF4B-00C04F79EFBC}") = "AdminkaV1", "AdminkaV1\Abstractions\AdminkaV1.csproj", "{0AFBD8EE-9049-4B87-BD18-5FB925D38352}"
EndProject
Project("{FAE04EC0-301F-11D3-BF4B-00C04F79EFBC}") = "AdminkaV1.DataAccessEfCore", "AdminkaV1\DataAccessEfCore\AdminkaV1.DataAccessEfCore.csproj", "{BF9FB9B0-BAEE-457A-8C8E-D82DC68E0710}"
EndProject
Project("{FAE04EC0-301F-11D3-BF4B-00C04F79EFBC}") = "AdminkaV1.WcfService", "AdminkaV1\Wcf\AdminkaV1.WcfService.csproj", "{38A0A937-1800-4703-B207-BA3BBBF95D8D}"
EndProject
Project("{FAE04EC0-301F-11D3-BF4B-00C04F79EFBC}") = "AdminkaV1.WcfService.Client", "AdminkaV1\Wcf.Client\AdminkaV1.WcfService.Client.csproj", "{5B251776-C32B-4B06-B52D-6A302BEAC69D}"
EndProject
Project("{FAE04EC0-301F-11D3-BF4B-00C04F79EFBC}") = "Routines.Configuration.NETFramework", "Routines.Configuration.NETFramework\Routines.Configuration.NETFramework.csproj", "{5CEC7388-FBA6-4542-A23A-5C6A5BA607B9}"
EndProject
Project("{FAE04EC0-301F-11D3-BF4B-00C04F79EFBC}") = "Vse.Routines.Configuration.NETFramework.Test", "Tests\Routines.Configuration.NETFramework.Test\Vse.Routines.Configuration.NETFramework.Test.csproj", "{EB32496F-B021-4179-A593-BA8EB7631BC2}"
EndProject
Project("{FAE04EC0-301F-11D3-BF4B-00C04F79EFBC}") = "Vse.Routines.Test", "Tests\Routines.Test\Vse.Routines.Test.csproj", "{2B5CADED-2F8B-4809-ABA8-7B679D31E162}"
EndProject
Project("{FAE04EC0-301F-11D3-BF4B-00C04F79EFBC}") = "Vse.AdminkaV1.Injected.Test", "Tests\AdminkaV1.Injected.Test\Vse.AdminkaV1.Injected.Test.csproj", "{C48FDD29-C5ED-4A7D-BDF0-E5487CAAAF88}"
EndProject
Project("{FAE04EC0-301F-11D3-BF4B-00C04F79EFBC}") = "AdminkaV1.DataAccessEfCore.SqlServer.InstallerApp", "AdminkaV1\DataAccessEfCore.SqlServer.InstallerApp\AdminkaV1.DataAccessEfCore.SqlServer.InstallerApp.csproj", "{D2558325-785F-4A34-896E-B24846347BFB}"
EndProject
Project("{FAE04EC0-301F-11D3-BF4B-00C04F79EFBC}") = "Vse.AdminkaV1.Wcf.Client.Test", "Tests\AdminkaV1.Wcf.Client.Test\Vse.AdminkaV1.Wcf.Client.Test.csproj", "{E6C95D60-F0FB-4DE7-93DD-25E43F7D42EA}"
EndProject
Project("{FAE04EC0-301F-11D3-BF4B-00C04F79EFBC}") = "EfCoreTest", "Tests\EfCoreTest\EfCoreTest.csproj", "{C85FC166-E6A4-40C1-BCB8-1FB68042F62F}"
EndProject
Project("{FAE04EC0-301F-11D3-BF4B-00C04F79EFBC}") = "Routines.Storage.EfCore", "Routines.Storage.EfCore\Routines.Storage.EfCore.csproj", "{E0AB2637-9207-4941-9C9D-1FA6FD67FFE6}"
EndProject
Project("{FAE04EC0-301F-11D3-BF4B-00C04F79EFBC}") = "Routines.Storage.SqlServer", "Routines.Storage.SqlServer\Routines.Storage.SqlServer.csproj", "{49629314-6D2C-4630-A478-09E4338CA8D1}"
EndProject
Project("{FAE04EC0-301F-11D3-BF4B-00C04F79EFBC}") = "AdminkaV1.DataAccessEfCore.SqlServer", "AdminkaV1\DataAccessEfCore.SqlServer\AdminkaV1.DataAccessEfCore.SqlServer.csproj", "{215CD0DE-09D8-46F4-A9CF-5C4EAE8217F6}"
EndProject
Project("{FAE04EC0-301F-11D3-BF4B-00C04F79EFBC}") = "Vse.Json.Test", "Tests\Json.Test\Vse.Json.Test.csproj", "{89E6A0E8-D17B-4B78-BEE4-B4A36C8F4EDD}"
EndProject
Project("{FAE04EC0-301F-11D3-BF4B-00C04F79EFBC}") = "Vse.Web", "Vse.Web\Vse.Web.csproj", "{29481049-5D8F-4F96-A93B-F818AD37C537}"
EndProject
Project("{FAE04EC0-301F-11D3-BF4B-00C04F79EFBC}") = "Vse.Web.Test", "Tests\Web.Test\Vse.Web.Test.csproj", "{7F29FCB3-D596-4EDE-8CDF-2AAD42F1C0BB}"
EndProject
Project("{FAE04EC0-301F-11D3-BF4B-00C04F79EFBC}") = "Ef6Test", "Tests\Ef6Test\Ef6Test.csproj", "{FAEEA516-2296-4C52-9BE5-525B56F50880}"
EndProject
Project("{FAE04EC0-301F-11D3-BF4B-00C04F79EFBC}") = "Vse.Routines.Configuration.NETStandard.Test", "Tests\Routines.Configuration.NETStandard.Test\Vse.Routines.Configuration.NETStandard.Test.csproj", "{AD9E1549-E53F-4B52-9116-F198A1D7C393}"
EndProject
Project("{FAE04EC0-301F-11D3-BF4B-00C04F79EFBC}") = "Routines.ActiveDirectory.NETFramework", "Routines.ActiveDirectory.NETFramework\Routines.ActiveDirectory.NETFramework.csproj", "{1C1AE759-8C0E-40B3-8936-94EC077AAAF2}"
EndProject
Project("{FAE04EC0-301F-11D3-BF4B-00C04F79EFBC}") = "Routines.Configuration.NETStandard", "Routines.Configuration.NETStandard\Routines.Configuration.NETStandard.csproj", "{521C6B0D-926F-4301-9441-4DCFDCDD0A59}"
EndProject
Project("{FAE04EC0-301F-11D3-BF4B-00C04F79EFBC}") = "Routines.Serialization.NETFramework", "Routines.Serialization.NETFramework\Routines.Serialization.NETFramework.csproj", "{44A20BD4-D2D8-43C4-8DB7-FA1129C3F0E1}"
EndProject
Project("{FAE04EC0-301F-11D3-BF4B-00C04F79EFBC}") = "Routines.Serialization.NETStandard", "Routines.Serialization.NETStandard\Routines.Serialization.NETStandard.csproj", "{883C640B-0BF7-4003-97AA-05C87776F58A}"
EndProject
Project("{D954291E-2A0B-460D-934E-DC6B0785DB48}") = "AdminkaV1.Injected", "AdminkaV1\Injected\AdminkaV1.Injected.shproj", "{89394319-E1FB-4E00-8138-1478FED390EE}"
EndProject
Project("{FAE04EC0-301F-11D3-BF4B-00C04F79EFBC}") = "AdminkaV1.Injected.NETFramework", "AdminkaV1\Injected.NETFramework\AdminkaV1.Injected.NETFramework.csproj", "{02666E1B-53C7-42DB-AC39-A16127DD5C81}"
EndProject
Project("{9A19103F-16F7-4668-BE54-9A1E7A4F7556}") = "Routines.AspNetCore", "Routines.AspNetCore\Routines.AspNetCore.csproj", "{06CEAC59-C96C-4F84-B1D6-14AA5753BB43}"
EndProject
Project("{9A19103F-16F7-4668-BE54-9A1E7A4F7556}") = "AdminkaV1.Web.MvcCoreApp", "AdminkaV1\Web.MvcCoreApp\AdminkaV1.Web.MvcCoreApp.csproj", "{E306B786-C40E-4FD1-99EF-8AF99C9CBA3B}"
EndProject
Project("{2150E333-8FDC-42A3-9474-1A3956D46DE8}") = "Tour", "Tour", "{90E0E81A-4CDA-43B8-A302-8430519EEA90}"
	ProjectSection(SolutionItems) = preProject
		Asp.Core.txt = Asp.Core.txt
		Conventions.txt = Conventions.txt
		CreateNugetPackage.ps1 = CreateNugetPackage.ps1
		Dashboard.txt = Dashboard.txt
		DeleteCache.ps1 = DeleteCache.ps1
		Routines.1.0.12.nuspec = Routines.1.0.12.nuspec
		Routines.png = Routines.png
		TODO.txt = TODO.txt
	EndProjectSection
EndProject
Project("{9A19103F-16F7-4668-BE54-9A1E7A4F7556}") = "AdminkaV1.Web.ReactApp", "AdminkaV1\Web.ReactApp\AdminkaV1.Web.ReactApp.csproj", "{8A992BB3-1EC1-41AC-B044-2C7A574E380B}"
EndProject
Project("{9A19103F-16F7-4668-BE54-9A1E7A4F7556}") = "AdminkaV1.Web.ReduxApp", "AdminkaV1\Web.ReduxApp\AdminkaV1.Web.ReduxApp.csproj", "{1F6C0F7A-3F7A-4B37-936A-F1B5AD3D3F01}"
EndProject
Project("{FAE04EC0-301F-11D3-BF4B-00C04F79EFBC}") = "AdminkaV1.Web.ApiService", "AdminkaV1\Web.ApiService\AdminkaV1.Web.ApiService.csproj", "{183F2465-F2AE-4548-BAB6-88C8BB4076F0}"
EndProject
Global
	GlobalSection(SharedMSBuildProjectFiles) = preSolution
		AdminkaV1\Injected\AdminakV1.Injected.Shared.projitems*{02666e1b-53c7-42db-ac39-a16127dd5c81}*SharedItemsImports = 4
		AdminkaV1\Injected\AdminakV1.Injected.Shared.projitems*{89394319-e1fb-4e00-8138-1478fed390ee}*SharedItemsImports = 13
	EndGlobalSection
	GlobalSection(SolutionConfigurationPlatforms) = preSolution
		Debug|Android = Debug|Android
		Debug|Any CPU = Debug|Any CPU
		Debug|iOS = Debug|iOS
		Debug|Windows-ARM = Debug|Windows-ARM
		Debug|Windows-x64 = Debug|Windows-x64
		Debug|Windows-x86 = Debug|Windows-x86
		Debug|x64 = Debug|x64
		Debug|x86 = Debug|x86
		Release|Android = Release|Android
		Release|Any CPU = Release|Any CPU
		Release|iOS = Release|iOS
		Release|Windows-ARM = Release|Windows-ARM
		Release|Windows-x64 = Release|Windows-x64
		Release|Windows-x86 = Release|Windows-x86
		Release|x64 = Release|x64
		Release|x86 = Release|x86
	EndGlobalSection
	GlobalSection(ProjectConfigurationPlatforms) = postSolution
		{7F19BF12-3F67-4185-A8F1-48BDC6129915}.Debug|Android.ActiveCfg = Debug|Any CPU
		{7F19BF12-3F67-4185-A8F1-48BDC6129915}.Debug|Android.Build.0 = Debug|Any CPU
		{7F19BF12-3F67-4185-A8F1-48BDC6129915}.Debug|Any CPU.ActiveCfg = Debug|Any CPU
		{7F19BF12-3F67-4185-A8F1-48BDC6129915}.Debug|Any CPU.Build.0 = Debug|Any CPU
		{7F19BF12-3F67-4185-A8F1-48BDC6129915}.Debug|iOS.ActiveCfg = Debug|Any CPU
		{7F19BF12-3F67-4185-A8F1-48BDC6129915}.Debug|iOS.Build.0 = Debug|Any CPU
		{7F19BF12-3F67-4185-A8F1-48BDC6129915}.Debug|Windows-ARM.ActiveCfg = Debug|Any CPU
		{7F19BF12-3F67-4185-A8F1-48BDC6129915}.Debug|Windows-ARM.Build.0 = Debug|Any CPU
		{7F19BF12-3F67-4185-A8F1-48BDC6129915}.Debug|Windows-x64.ActiveCfg = Debug|Any CPU
		{7F19BF12-3F67-4185-A8F1-48BDC6129915}.Debug|Windows-x64.Build.0 = Debug|Any CPU
		{7F19BF12-3F67-4185-A8F1-48BDC6129915}.Debug|Windows-x86.ActiveCfg = Debug|Any CPU
		{7F19BF12-3F67-4185-A8F1-48BDC6129915}.Debug|Windows-x86.Build.0 = Debug|Any CPU
		{7F19BF12-3F67-4185-A8F1-48BDC6129915}.Debug|x64.ActiveCfg = Debug|Any CPU
		{7F19BF12-3F67-4185-A8F1-48BDC6129915}.Debug|x64.Build.0 = Debug|Any CPU
		{7F19BF12-3F67-4185-A8F1-48BDC6129915}.Debug|x86.ActiveCfg = Debug|Any CPU
		{7F19BF12-3F67-4185-A8F1-48BDC6129915}.Debug|x86.Build.0 = Debug|Any CPU
		{7F19BF12-3F67-4185-A8F1-48BDC6129915}.Release|Android.ActiveCfg = Release|Any CPU
		{7F19BF12-3F67-4185-A8F1-48BDC6129915}.Release|Android.Build.0 = Release|Any CPU
		{7F19BF12-3F67-4185-A8F1-48BDC6129915}.Release|Any CPU.ActiveCfg = Release|Any CPU
		{7F19BF12-3F67-4185-A8F1-48BDC6129915}.Release|Any CPU.Build.0 = Release|Any CPU
		{7F19BF12-3F67-4185-A8F1-48BDC6129915}.Release|iOS.ActiveCfg = Release|Any CPU
		{7F19BF12-3F67-4185-A8F1-48BDC6129915}.Release|iOS.Build.0 = Release|Any CPU
		{7F19BF12-3F67-4185-A8F1-48BDC6129915}.Release|Windows-ARM.ActiveCfg = Release|Any CPU
		{7F19BF12-3F67-4185-A8F1-48BDC6129915}.Release|Windows-ARM.Build.0 = Release|Any CPU
		{7F19BF12-3F67-4185-A8F1-48BDC6129915}.Release|Windows-x64.ActiveCfg = Release|Any CPU
		{7F19BF12-3F67-4185-A8F1-48BDC6129915}.Release|Windows-x64.Build.0 = Release|Any CPU
		{7F19BF12-3F67-4185-A8F1-48BDC6129915}.Release|Windows-x86.ActiveCfg = Release|Any CPU
		{7F19BF12-3F67-4185-A8F1-48BDC6129915}.Release|Windows-x86.Build.0 = Release|Any CPU
		{7F19BF12-3F67-4185-A8F1-48BDC6129915}.Release|x64.ActiveCfg = Release|Any CPU
		{7F19BF12-3F67-4185-A8F1-48BDC6129915}.Release|x64.Build.0 = Release|Any CPU
		{7F19BF12-3F67-4185-A8F1-48BDC6129915}.Release|x86.ActiveCfg = Release|Any CPU
		{7F19BF12-3F67-4185-A8F1-48BDC6129915}.Release|x86.Build.0 = Release|Any CPU
		{A186E18C-A446-4218-A2A8-6B126DABA983}.Debug|Android.ActiveCfg = Debug|Any CPU
		{A186E18C-A446-4218-A2A8-6B126DABA983}.Debug|Android.Build.0 = Debug|Any CPU
		{A186E18C-A446-4218-A2A8-6B126DABA983}.Debug|Any CPU.ActiveCfg = Debug|Any CPU
		{A186E18C-A446-4218-A2A8-6B126DABA983}.Debug|Any CPU.Build.0 = Debug|Any CPU
		{A186E18C-A446-4218-A2A8-6B126DABA983}.Debug|iOS.ActiveCfg = Debug|Any CPU
		{A186E18C-A446-4218-A2A8-6B126DABA983}.Debug|iOS.Build.0 = Debug|Any CPU
		{A186E18C-A446-4218-A2A8-6B126DABA983}.Debug|Windows-ARM.ActiveCfg = Debug|Any CPU
		{A186E18C-A446-4218-A2A8-6B126DABA983}.Debug|Windows-ARM.Build.0 = Debug|Any CPU
		{A186E18C-A446-4218-A2A8-6B126DABA983}.Debug|Windows-x64.ActiveCfg = Debug|Any CPU
		{A186E18C-A446-4218-A2A8-6B126DABA983}.Debug|Windows-x64.Build.0 = Debug|Any CPU
		{A186E18C-A446-4218-A2A8-6B126DABA983}.Debug|Windows-x86.ActiveCfg = Debug|Any CPU
		{A186E18C-A446-4218-A2A8-6B126DABA983}.Debug|Windows-x86.Build.0 = Debug|Any CPU
		{A186E18C-A446-4218-A2A8-6B126DABA983}.Debug|x64.ActiveCfg = Debug|Any CPU
		{A186E18C-A446-4218-A2A8-6B126DABA983}.Debug|x64.Build.0 = Debug|Any CPU
		{A186E18C-A446-4218-A2A8-6B126DABA983}.Debug|x86.ActiveCfg = Debug|Any CPU
		{A186E18C-A446-4218-A2A8-6B126DABA983}.Debug|x86.Build.0 = Debug|Any CPU
		{A186E18C-A446-4218-A2A8-6B126DABA983}.Release|Android.ActiveCfg = Release|Any CPU
		{A186E18C-A446-4218-A2A8-6B126DABA983}.Release|Android.Build.0 = Release|Any CPU
		{A186E18C-A446-4218-A2A8-6B126DABA983}.Release|Any CPU.ActiveCfg = Release|Any CPU
		{A186E18C-A446-4218-A2A8-6B126DABA983}.Release|Any CPU.Build.0 = Release|Any CPU
		{A186E18C-A446-4218-A2A8-6B126DABA983}.Release|iOS.ActiveCfg = Release|Any CPU
		{A186E18C-A446-4218-A2A8-6B126DABA983}.Release|iOS.Build.0 = Release|Any CPU
		{A186E18C-A446-4218-A2A8-6B126DABA983}.Release|Windows-ARM.ActiveCfg = Release|Any CPU
		{A186E18C-A446-4218-A2A8-6B126DABA983}.Release|Windows-ARM.Build.0 = Release|Any CPU
		{A186E18C-A446-4218-A2A8-6B126DABA983}.Release|Windows-x64.ActiveCfg = Release|Any CPU
		{A186E18C-A446-4218-A2A8-6B126DABA983}.Release|Windows-x64.Build.0 = Release|Any CPU
		{A186E18C-A446-4218-A2A8-6B126DABA983}.Release|Windows-x86.ActiveCfg = Release|Any CPU
		{A186E18C-A446-4218-A2A8-6B126DABA983}.Release|Windows-x86.Build.0 = Release|Any CPU
		{A186E18C-A446-4218-A2A8-6B126DABA983}.Release|x64.ActiveCfg = Release|Any CPU
		{A186E18C-A446-4218-A2A8-6B126DABA983}.Release|x64.Build.0 = Release|Any CPU
		{A186E18C-A446-4218-A2A8-6B126DABA983}.Release|x86.ActiveCfg = Release|Any CPU
		{A186E18C-A446-4218-A2A8-6B126DABA983}.Release|x86.Build.0 = Release|Any CPU
		{0AFBD8EE-9049-4B87-BD18-5FB925D38352}.Debug|Android.ActiveCfg = Debug|Any CPU
		{0AFBD8EE-9049-4B87-BD18-5FB925D38352}.Debug|Android.Build.0 = Debug|Any CPU
		{0AFBD8EE-9049-4B87-BD18-5FB925D38352}.Debug|Any CPU.ActiveCfg = Debug|Any CPU
		{0AFBD8EE-9049-4B87-BD18-5FB925D38352}.Debug|Any CPU.Build.0 = Debug|Any CPU
		{0AFBD8EE-9049-4B87-BD18-5FB925D38352}.Debug|iOS.ActiveCfg = Debug|Any CPU
		{0AFBD8EE-9049-4B87-BD18-5FB925D38352}.Debug|iOS.Build.0 = Debug|Any CPU
		{0AFBD8EE-9049-4B87-BD18-5FB925D38352}.Debug|Windows-ARM.ActiveCfg = Debug|Any CPU
		{0AFBD8EE-9049-4B87-BD18-5FB925D38352}.Debug|Windows-ARM.Build.0 = Debug|Any CPU
		{0AFBD8EE-9049-4B87-BD18-5FB925D38352}.Debug|Windows-x64.ActiveCfg = Debug|Any CPU
		{0AFBD8EE-9049-4B87-BD18-5FB925D38352}.Debug|Windows-x64.Build.0 = Debug|Any CPU
		{0AFBD8EE-9049-4B87-BD18-5FB925D38352}.Debug|Windows-x86.ActiveCfg = Debug|Any CPU
		{0AFBD8EE-9049-4B87-BD18-5FB925D38352}.Debug|Windows-x86.Build.0 = Debug|Any CPU
		{0AFBD8EE-9049-4B87-BD18-5FB925D38352}.Debug|x64.ActiveCfg = Debug|Any CPU
		{0AFBD8EE-9049-4B87-BD18-5FB925D38352}.Debug|x64.Build.0 = Debug|Any CPU
		{0AFBD8EE-9049-4B87-BD18-5FB925D38352}.Debug|x86.ActiveCfg = Debug|Any CPU
		{0AFBD8EE-9049-4B87-BD18-5FB925D38352}.Debug|x86.Build.0 = Debug|Any CPU
		{0AFBD8EE-9049-4B87-BD18-5FB925D38352}.Release|Android.ActiveCfg = Release|Any CPU
		{0AFBD8EE-9049-4B87-BD18-5FB925D38352}.Release|Android.Build.0 = Release|Any CPU
		{0AFBD8EE-9049-4B87-BD18-5FB925D38352}.Release|Any CPU.ActiveCfg = Release|Any CPU
		{0AFBD8EE-9049-4B87-BD18-5FB925D38352}.Release|Any CPU.Build.0 = Release|Any CPU
		{0AFBD8EE-9049-4B87-BD18-5FB925D38352}.Release|iOS.ActiveCfg = Release|Any CPU
		{0AFBD8EE-9049-4B87-BD18-5FB925D38352}.Release|iOS.Build.0 = Release|Any CPU
		{0AFBD8EE-9049-4B87-BD18-5FB925D38352}.Release|Windows-ARM.ActiveCfg = Release|Any CPU
		{0AFBD8EE-9049-4B87-BD18-5FB925D38352}.Release|Windows-ARM.Build.0 = Release|Any CPU
		{0AFBD8EE-9049-4B87-BD18-5FB925D38352}.Release|Windows-x64.ActiveCfg = Release|Any CPU
		{0AFBD8EE-9049-4B87-BD18-5FB925D38352}.Release|Windows-x64.Build.0 = Release|Any CPU
		{0AFBD8EE-9049-4B87-BD18-5FB925D38352}.Release|Windows-x86.ActiveCfg = Release|Any CPU
		{0AFBD8EE-9049-4B87-BD18-5FB925D38352}.Release|Windows-x86.Build.0 = Release|Any CPU
		{0AFBD8EE-9049-4B87-BD18-5FB925D38352}.Release|x64.ActiveCfg = Release|Any CPU
		{0AFBD8EE-9049-4B87-BD18-5FB925D38352}.Release|x64.Build.0 = Release|Any CPU
		{0AFBD8EE-9049-4B87-BD18-5FB925D38352}.Release|x86.ActiveCfg = Release|Any CPU
		{0AFBD8EE-9049-4B87-BD18-5FB925D38352}.Release|x86.Build.0 = Release|Any CPU
		{BF9FB9B0-BAEE-457A-8C8E-D82DC68E0710}.Debug|Android.ActiveCfg = Debug|Any CPU
		{BF9FB9B0-BAEE-457A-8C8E-D82DC68E0710}.Debug|Android.Build.0 = Debug|Any CPU
		{BF9FB9B0-BAEE-457A-8C8E-D82DC68E0710}.Debug|Any CPU.ActiveCfg = Debug|Any CPU
		{BF9FB9B0-BAEE-457A-8C8E-D82DC68E0710}.Debug|Any CPU.Build.0 = Debug|Any CPU
		{BF9FB9B0-BAEE-457A-8C8E-D82DC68E0710}.Debug|iOS.ActiveCfg = Debug|Any CPU
		{BF9FB9B0-BAEE-457A-8C8E-D82DC68E0710}.Debug|iOS.Build.0 = Debug|Any CPU
		{BF9FB9B0-BAEE-457A-8C8E-D82DC68E0710}.Debug|Windows-ARM.ActiveCfg = Debug|Any CPU
		{BF9FB9B0-BAEE-457A-8C8E-D82DC68E0710}.Debug|Windows-ARM.Build.0 = Debug|Any CPU
		{BF9FB9B0-BAEE-457A-8C8E-D82DC68E0710}.Debug|Windows-x64.ActiveCfg = Debug|Any CPU
		{BF9FB9B0-BAEE-457A-8C8E-D82DC68E0710}.Debug|Windows-x64.Build.0 = Debug|Any CPU
		{BF9FB9B0-BAEE-457A-8C8E-D82DC68E0710}.Debug|Windows-x86.ActiveCfg = Debug|Any CPU
		{BF9FB9B0-BAEE-457A-8C8E-D82DC68E0710}.Debug|Windows-x86.Build.0 = Debug|Any CPU
		{BF9FB9B0-BAEE-457A-8C8E-D82DC68E0710}.Debug|x64.ActiveCfg = Debug|Any CPU
		{BF9FB9B0-BAEE-457A-8C8E-D82DC68E0710}.Debug|x64.Build.0 = Debug|Any CPU
		{BF9FB9B0-BAEE-457A-8C8E-D82DC68E0710}.Debug|x86.ActiveCfg = Debug|Any CPU
		{BF9FB9B0-BAEE-457A-8C8E-D82DC68E0710}.Debug|x86.Build.0 = Debug|Any CPU
		{BF9FB9B0-BAEE-457A-8C8E-D82DC68E0710}.Release|Android.ActiveCfg = Release|Any CPU
		{BF9FB9B0-BAEE-457A-8C8E-D82DC68E0710}.Release|Android.Build.0 = Release|Any CPU
		{BF9FB9B0-BAEE-457A-8C8E-D82DC68E0710}.Release|Any CPU.ActiveCfg = Release|Any CPU
		{BF9FB9B0-BAEE-457A-8C8E-D82DC68E0710}.Release|Any CPU.Build.0 = Release|Any CPU
		{BF9FB9B0-BAEE-457A-8C8E-D82DC68E0710}.Release|iOS.ActiveCfg = Release|Any CPU
		{BF9FB9B0-BAEE-457A-8C8E-D82DC68E0710}.Release|iOS.Build.0 = Release|Any CPU
		{BF9FB9B0-BAEE-457A-8C8E-D82DC68E0710}.Release|Windows-ARM.ActiveCfg = Release|Any CPU
		{BF9FB9B0-BAEE-457A-8C8E-D82DC68E0710}.Release|Windows-ARM.Build.0 = Release|Any CPU
		{BF9FB9B0-BAEE-457A-8C8E-D82DC68E0710}.Release|Windows-x64.ActiveCfg = Release|Any CPU
		{BF9FB9B0-BAEE-457A-8C8E-D82DC68E0710}.Release|Windows-x64.Build.0 = Release|Any CPU
		{BF9FB9B0-BAEE-457A-8C8E-D82DC68E0710}.Release|Windows-x86.ActiveCfg = Release|Any CPU
		{BF9FB9B0-BAEE-457A-8C8E-D82DC68E0710}.Release|Windows-x86.Build.0 = Release|Any CPU
		{BF9FB9B0-BAEE-457A-8C8E-D82DC68E0710}.Release|x64.ActiveCfg = Release|Any CPU
		{BF9FB9B0-BAEE-457A-8C8E-D82DC68E0710}.Release|x64.Build.0 = Release|Any CPU
		{BF9FB9B0-BAEE-457A-8C8E-D82DC68E0710}.Release|x86.ActiveCfg = Release|Any CPU
		{BF9FB9B0-BAEE-457A-8C8E-D82DC68E0710}.Release|x86.Build.0 = Release|Any CPU
		{38A0A937-1800-4703-B207-BA3BBBF95D8D}.Debug|Android.ActiveCfg = Debug|Any CPU
		{38A0A937-1800-4703-B207-BA3BBBF95D8D}.Debug|Android.Build.0 = Debug|Any CPU
		{38A0A937-1800-4703-B207-BA3BBBF95D8D}.Debug|Any CPU.ActiveCfg = Debug|Any CPU
		{38A0A937-1800-4703-B207-BA3BBBF95D8D}.Debug|Any CPU.Build.0 = Debug|Any CPU
		{38A0A937-1800-4703-B207-BA3BBBF95D8D}.Debug|iOS.ActiveCfg = Debug|Any CPU
		{38A0A937-1800-4703-B207-BA3BBBF95D8D}.Debug|iOS.Build.0 = Debug|Any CPU
		{38A0A937-1800-4703-B207-BA3BBBF95D8D}.Debug|Windows-ARM.ActiveCfg = Debug|Any CPU
		{38A0A937-1800-4703-B207-BA3BBBF95D8D}.Debug|Windows-ARM.Build.0 = Debug|Any CPU
		{38A0A937-1800-4703-B207-BA3BBBF95D8D}.Debug|Windows-x64.ActiveCfg = Debug|Any CPU
		{38A0A937-1800-4703-B207-BA3BBBF95D8D}.Debug|Windows-x64.Build.0 = Debug|Any CPU
		{38A0A937-1800-4703-B207-BA3BBBF95D8D}.Debug|Windows-x86.ActiveCfg = Debug|Any CPU
		{38A0A937-1800-4703-B207-BA3BBBF95D8D}.Debug|Windows-x86.Build.0 = Debug|Any CPU
		{38A0A937-1800-4703-B207-BA3BBBF95D8D}.Debug|x64.ActiveCfg = Debug|Any CPU
		{38A0A937-1800-4703-B207-BA3BBBF95D8D}.Debug|x64.Build.0 = Debug|Any CPU
		{38A0A937-1800-4703-B207-BA3BBBF95D8D}.Debug|x86.ActiveCfg = Debug|Any CPU
		{38A0A937-1800-4703-B207-BA3BBBF95D8D}.Debug|x86.Build.0 = Debug|Any CPU
		{38A0A937-1800-4703-B207-BA3BBBF95D8D}.Release|Android.ActiveCfg = Release|Any CPU
		{38A0A937-1800-4703-B207-BA3BBBF95D8D}.Release|Android.Build.0 = Release|Any CPU
		{38A0A937-1800-4703-B207-BA3BBBF95D8D}.Release|Any CPU.ActiveCfg = Release|Any CPU
		{38A0A937-1800-4703-B207-BA3BBBF95D8D}.Release|Any CPU.Build.0 = Release|Any CPU
		{38A0A937-1800-4703-B207-BA3BBBF95D8D}.Release|iOS.ActiveCfg = Release|Any CPU
		{38A0A937-1800-4703-B207-BA3BBBF95D8D}.Release|iOS.Build.0 = Release|Any CPU
		{38A0A937-1800-4703-B207-BA3BBBF95D8D}.Release|Windows-ARM.ActiveCfg = Release|Any CPU
		{38A0A937-1800-4703-B207-BA3BBBF95D8D}.Release|Windows-ARM.Build.0 = Release|Any CPU
		{38A0A937-1800-4703-B207-BA3BBBF95D8D}.Release|Windows-x64.ActiveCfg = Release|Any CPU
		{38A0A937-1800-4703-B207-BA3BBBF95D8D}.Release|Windows-x64.Build.0 = Release|Any CPU
		{38A0A937-1800-4703-B207-BA3BBBF95D8D}.Release|Windows-x86.ActiveCfg = Release|Any CPU
		{38A0A937-1800-4703-B207-BA3BBBF95D8D}.Release|Windows-x86.Build.0 = Release|Any CPU
		{38A0A937-1800-4703-B207-BA3BBBF95D8D}.Release|x64.ActiveCfg = Release|Any CPU
		{38A0A937-1800-4703-B207-BA3BBBF95D8D}.Release|x64.Build.0 = Release|Any CPU
		{38A0A937-1800-4703-B207-BA3BBBF95D8D}.Release|x86.ActiveCfg = Release|Any CPU
		{38A0A937-1800-4703-B207-BA3BBBF95D8D}.Release|x86.Build.0 = Release|Any CPU
		{5B251776-C32B-4B06-B52D-6A302BEAC69D}.Debug|Android.ActiveCfg = Debug|Any CPU
		{5B251776-C32B-4B06-B52D-6A302BEAC69D}.Debug|Android.Build.0 = Debug|Any CPU
		{5B251776-C32B-4B06-B52D-6A302BEAC69D}.Debug|Any CPU.ActiveCfg = Debug|Any CPU
		{5B251776-C32B-4B06-B52D-6A302BEAC69D}.Debug|Any CPU.Build.0 = Debug|Any CPU
		{5B251776-C32B-4B06-B52D-6A302BEAC69D}.Debug|iOS.ActiveCfg = Debug|Any CPU
		{5B251776-C32B-4B06-B52D-6A302BEAC69D}.Debug|iOS.Build.0 = Debug|Any CPU
		{5B251776-C32B-4B06-B52D-6A302BEAC69D}.Debug|Windows-ARM.ActiveCfg = Debug|Any CPU
		{5B251776-C32B-4B06-B52D-6A302BEAC69D}.Debug|Windows-ARM.Build.0 = Debug|Any CPU
		{5B251776-C32B-4B06-B52D-6A302BEAC69D}.Debug|Windows-x64.ActiveCfg = Debug|Any CPU
		{5B251776-C32B-4B06-B52D-6A302BEAC69D}.Debug|Windows-x64.Build.0 = Debug|Any CPU
		{5B251776-C32B-4B06-B52D-6A302BEAC69D}.Debug|Windows-x86.ActiveCfg = Debug|Any CPU
		{5B251776-C32B-4B06-B52D-6A302BEAC69D}.Debug|Windows-x86.Build.0 = Debug|Any CPU
		{5B251776-C32B-4B06-B52D-6A302BEAC69D}.Debug|x64.ActiveCfg = Debug|Any CPU
		{5B251776-C32B-4B06-B52D-6A302BEAC69D}.Debug|x64.Build.0 = Debug|Any CPU
		{5B251776-C32B-4B06-B52D-6A302BEAC69D}.Debug|x86.ActiveCfg = Debug|Any CPU
		{5B251776-C32B-4B06-B52D-6A302BEAC69D}.Debug|x86.Build.0 = Debug|Any CPU
		{5B251776-C32B-4B06-B52D-6A302BEAC69D}.Release|Android.ActiveCfg = Release|Any CPU
		{5B251776-C32B-4B06-B52D-6A302BEAC69D}.Release|Android.Build.0 = Release|Any CPU
		{5B251776-C32B-4B06-B52D-6A302BEAC69D}.Release|Any CPU.ActiveCfg = Release|Any CPU
		{5B251776-C32B-4B06-B52D-6A302BEAC69D}.Release|Any CPU.Build.0 = Release|Any CPU
		{5B251776-C32B-4B06-B52D-6A302BEAC69D}.Release|iOS.ActiveCfg = Release|Any CPU
		{5B251776-C32B-4B06-B52D-6A302BEAC69D}.Release|iOS.Build.0 = Release|Any CPU
		{5B251776-C32B-4B06-B52D-6A302BEAC69D}.Release|Windows-ARM.ActiveCfg = Release|Any CPU
		{5B251776-C32B-4B06-B52D-6A302BEAC69D}.Release|Windows-ARM.Build.0 = Release|Any CPU
		{5B251776-C32B-4B06-B52D-6A302BEAC69D}.Release|Windows-x64.ActiveCfg = Release|Any CPU
		{5B251776-C32B-4B06-B52D-6A302BEAC69D}.Release|Windows-x64.Build.0 = Release|Any CPU
		{5B251776-C32B-4B06-B52D-6A302BEAC69D}.Release|Windows-x86.ActiveCfg = Release|Any CPU
		{5B251776-C32B-4B06-B52D-6A302BEAC69D}.Release|Windows-x86.Build.0 = Release|Any CPU
		{5B251776-C32B-4B06-B52D-6A302BEAC69D}.Release|x64.ActiveCfg = Release|Any CPU
		{5B251776-C32B-4B06-B52D-6A302BEAC69D}.Release|x64.Build.0 = Release|Any CPU
		{5B251776-C32B-4B06-B52D-6A302BEAC69D}.Release|x86.ActiveCfg = Release|Any CPU
		{5B251776-C32B-4B06-B52D-6A302BEAC69D}.Release|x86.Build.0 = Release|Any CPU
		{5CEC7388-FBA6-4542-A23A-5C6A5BA607B9}.Debug|Android.ActiveCfg = Debug|Any CPU
		{5CEC7388-FBA6-4542-A23A-5C6A5BA607B9}.Debug|Android.Build.0 = Debug|Any CPU
		{5CEC7388-FBA6-4542-A23A-5C6A5BA607B9}.Debug|Any CPU.ActiveCfg = Debug|Any CPU
		{5CEC7388-FBA6-4542-A23A-5C6A5BA607B9}.Debug|Any CPU.Build.0 = Debug|Any CPU
		{5CEC7388-FBA6-4542-A23A-5C6A5BA607B9}.Debug|iOS.ActiveCfg = Debug|Any CPU
		{5CEC7388-FBA6-4542-A23A-5C6A5BA607B9}.Debug|iOS.Build.0 = Debug|Any CPU
		{5CEC7388-FBA6-4542-A23A-5C6A5BA607B9}.Debug|Windows-ARM.ActiveCfg = Debug|Any CPU
		{5CEC7388-FBA6-4542-A23A-5C6A5BA607B9}.Debug|Windows-ARM.Build.0 = Debug|Any CPU
		{5CEC7388-FBA6-4542-A23A-5C6A5BA607B9}.Debug|Windows-x64.ActiveCfg = Debug|Any CPU
		{5CEC7388-FBA6-4542-A23A-5C6A5BA607B9}.Debug|Windows-x64.Build.0 = Debug|Any CPU
		{5CEC7388-FBA6-4542-A23A-5C6A5BA607B9}.Debug|Windows-x86.ActiveCfg = Debug|Any CPU
		{5CEC7388-FBA6-4542-A23A-5C6A5BA607B9}.Debug|Windows-x86.Build.0 = Debug|Any CPU
		{5CEC7388-FBA6-4542-A23A-5C6A5BA607B9}.Debug|x64.ActiveCfg = Debug|Any CPU
		{5CEC7388-FBA6-4542-A23A-5C6A5BA607B9}.Debug|x64.Build.0 = Debug|Any CPU
		{5CEC7388-FBA6-4542-A23A-5C6A5BA607B9}.Debug|x86.ActiveCfg = Debug|Any CPU
		{5CEC7388-FBA6-4542-A23A-5C6A5BA607B9}.Debug|x86.Build.0 = Debug|Any CPU
		{5CEC7388-FBA6-4542-A23A-5C6A5BA607B9}.Release|Android.ActiveCfg = Release|Any CPU
		{5CEC7388-FBA6-4542-A23A-5C6A5BA607B9}.Release|Android.Build.0 = Release|Any CPU
		{5CEC7388-FBA6-4542-A23A-5C6A5BA607B9}.Release|Any CPU.ActiveCfg = Release|Any CPU
		{5CEC7388-FBA6-4542-A23A-5C6A5BA607B9}.Release|Any CPU.Build.0 = Release|Any CPU
		{5CEC7388-FBA6-4542-A23A-5C6A5BA607B9}.Release|iOS.ActiveCfg = Release|Any CPU
		{5CEC7388-FBA6-4542-A23A-5C6A5BA607B9}.Release|iOS.Build.0 = Release|Any CPU
		{5CEC7388-FBA6-4542-A23A-5C6A5BA607B9}.Release|Windows-ARM.ActiveCfg = Release|Any CPU
		{5CEC7388-FBA6-4542-A23A-5C6A5BA607B9}.Release|Windows-ARM.Build.0 = Release|Any CPU
		{5CEC7388-FBA6-4542-A23A-5C6A5BA607B9}.Release|Windows-x64.ActiveCfg = Release|Any CPU
		{5CEC7388-FBA6-4542-A23A-5C6A5BA607B9}.Release|Windows-x64.Build.0 = Release|Any CPU
		{5CEC7388-FBA6-4542-A23A-5C6A5BA607B9}.Release|Windows-x86.ActiveCfg = Release|Any CPU
		{5CEC7388-FBA6-4542-A23A-5C6A5BA607B9}.Release|Windows-x86.Build.0 = Release|Any CPU
		{5CEC7388-FBA6-4542-A23A-5C6A5BA607B9}.Release|x64.ActiveCfg = Release|Any CPU
		{5CEC7388-FBA6-4542-A23A-5C6A5BA607B9}.Release|x64.Build.0 = Release|Any CPU
		{5CEC7388-FBA6-4542-A23A-5C6A5BA607B9}.Release|x86.ActiveCfg = Release|Any CPU
		{5CEC7388-FBA6-4542-A23A-5C6A5BA607B9}.Release|x86.Build.0 = Release|Any CPU
		{EB32496F-B021-4179-A593-BA8EB7631BC2}.Debug|Android.ActiveCfg = Debug|Any CPU
		{EB32496F-B021-4179-A593-BA8EB7631BC2}.Debug|Android.Build.0 = Debug|Any CPU
		{EB32496F-B021-4179-A593-BA8EB7631BC2}.Debug|Any CPU.ActiveCfg = Debug|Any CPU
		{EB32496F-B021-4179-A593-BA8EB7631BC2}.Debug|Any CPU.Build.0 = Debug|Any CPU
		{EB32496F-B021-4179-A593-BA8EB7631BC2}.Debug|iOS.ActiveCfg = Debug|Any CPU
		{EB32496F-B021-4179-A593-BA8EB7631BC2}.Debug|iOS.Build.0 = Debug|Any CPU
		{EB32496F-B021-4179-A593-BA8EB7631BC2}.Debug|Windows-ARM.ActiveCfg = Debug|Any CPU
		{EB32496F-B021-4179-A593-BA8EB7631BC2}.Debug|Windows-ARM.Build.0 = Debug|Any CPU
		{EB32496F-B021-4179-A593-BA8EB7631BC2}.Debug|Windows-x64.ActiveCfg = Debug|Any CPU
		{EB32496F-B021-4179-A593-BA8EB7631BC2}.Debug|Windows-x64.Build.0 = Debug|Any CPU
		{EB32496F-B021-4179-A593-BA8EB7631BC2}.Debug|Windows-x86.ActiveCfg = Debug|Any CPU
		{EB32496F-B021-4179-A593-BA8EB7631BC2}.Debug|Windows-x86.Build.0 = Debug|Any CPU
		{EB32496F-B021-4179-A593-BA8EB7631BC2}.Debug|x64.ActiveCfg = Debug|Any CPU
		{EB32496F-B021-4179-A593-BA8EB7631BC2}.Debug|x64.Build.0 = Debug|Any CPU
		{EB32496F-B021-4179-A593-BA8EB7631BC2}.Debug|x86.ActiveCfg = Debug|Any CPU
		{EB32496F-B021-4179-A593-BA8EB7631BC2}.Debug|x86.Build.0 = Debug|Any CPU
		{EB32496F-B021-4179-A593-BA8EB7631BC2}.Release|Android.ActiveCfg = Release|Any CPU
		{EB32496F-B021-4179-A593-BA8EB7631BC2}.Release|Android.Build.0 = Release|Any CPU
		{EB32496F-B021-4179-A593-BA8EB7631BC2}.Release|Any CPU.ActiveCfg = Release|Any CPU
		{EB32496F-B021-4179-A593-BA8EB7631BC2}.Release|Any CPU.Build.0 = Release|Any CPU
		{EB32496F-B021-4179-A593-BA8EB7631BC2}.Release|iOS.ActiveCfg = Release|Any CPU
		{EB32496F-B021-4179-A593-BA8EB7631BC2}.Release|iOS.Build.0 = Release|Any CPU
		{EB32496F-B021-4179-A593-BA8EB7631BC2}.Release|Windows-ARM.ActiveCfg = Release|Any CPU
		{EB32496F-B021-4179-A593-BA8EB7631BC2}.Release|Windows-ARM.Build.0 = Release|Any CPU
		{EB32496F-B021-4179-A593-BA8EB7631BC2}.Release|Windows-x64.ActiveCfg = Release|Any CPU
		{EB32496F-B021-4179-A593-BA8EB7631BC2}.Release|Windows-x64.Build.0 = Release|Any CPU
		{EB32496F-B021-4179-A593-BA8EB7631BC2}.Release|Windows-x86.ActiveCfg = Release|Any CPU
		{EB32496F-B021-4179-A593-BA8EB7631BC2}.Release|Windows-x86.Build.0 = Release|Any CPU
		{EB32496F-B021-4179-A593-BA8EB7631BC2}.Release|x64.ActiveCfg = Release|Any CPU
		{EB32496F-B021-4179-A593-BA8EB7631BC2}.Release|x64.Build.0 = Release|Any CPU
		{EB32496F-B021-4179-A593-BA8EB7631BC2}.Release|x86.ActiveCfg = Release|Any CPU
		{EB32496F-B021-4179-A593-BA8EB7631BC2}.Release|x86.Build.0 = Release|Any CPU
		{2B5CADED-2F8B-4809-ABA8-7B679D31E162}.Debug|Android.ActiveCfg = Debug|Any CPU
		{2B5CADED-2F8B-4809-ABA8-7B679D31E162}.Debug|Android.Build.0 = Debug|Any CPU
		{2B5CADED-2F8B-4809-ABA8-7B679D31E162}.Debug|Any CPU.ActiveCfg = Debug|Any CPU
		{2B5CADED-2F8B-4809-ABA8-7B679D31E162}.Debug|Any CPU.Build.0 = Debug|Any CPU
		{2B5CADED-2F8B-4809-ABA8-7B679D31E162}.Debug|iOS.ActiveCfg = Debug|Any CPU
		{2B5CADED-2F8B-4809-ABA8-7B679D31E162}.Debug|iOS.Build.0 = Debug|Any CPU
		{2B5CADED-2F8B-4809-ABA8-7B679D31E162}.Debug|Windows-ARM.ActiveCfg = Debug|Any CPU
		{2B5CADED-2F8B-4809-ABA8-7B679D31E162}.Debug|Windows-ARM.Build.0 = Debug|Any CPU
		{2B5CADED-2F8B-4809-ABA8-7B679D31E162}.Debug|Windows-x64.ActiveCfg = Debug|Any CPU
		{2B5CADED-2F8B-4809-ABA8-7B679D31E162}.Debug|Windows-x64.Build.0 = Debug|Any CPU
		{2B5CADED-2F8B-4809-ABA8-7B679D31E162}.Debug|Windows-x86.ActiveCfg = Debug|Any CPU
		{2B5CADED-2F8B-4809-ABA8-7B679D31E162}.Debug|Windows-x86.Build.0 = Debug|Any CPU
		{2B5CADED-2F8B-4809-ABA8-7B679D31E162}.Debug|x64.ActiveCfg = Debug|Any CPU
		{2B5CADED-2F8B-4809-ABA8-7B679D31E162}.Debug|x64.Build.0 = Debug|Any CPU
		{2B5CADED-2F8B-4809-ABA8-7B679D31E162}.Debug|x86.ActiveCfg = Debug|Any CPU
		{2B5CADED-2F8B-4809-ABA8-7B679D31E162}.Debug|x86.Build.0 = Debug|Any CPU
		{2B5CADED-2F8B-4809-ABA8-7B679D31E162}.Release|Android.ActiveCfg = Release|Any CPU
		{2B5CADED-2F8B-4809-ABA8-7B679D31E162}.Release|Android.Build.0 = Release|Any CPU
		{2B5CADED-2F8B-4809-ABA8-7B679D31E162}.Release|Any CPU.ActiveCfg = Release|Any CPU
		{2B5CADED-2F8B-4809-ABA8-7B679D31E162}.Release|Any CPU.Build.0 = Release|Any CPU
		{2B5CADED-2F8B-4809-ABA8-7B679D31E162}.Release|iOS.ActiveCfg = Release|Any CPU
		{2B5CADED-2F8B-4809-ABA8-7B679D31E162}.Release|iOS.Build.0 = Release|Any CPU
		{2B5CADED-2F8B-4809-ABA8-7B679D31E162}.Release|Windows-ARM.ActiveCfg = Release|Any CPU
		{2B5CADED-2F8B-4809-ABA8-7B679D31E162}.Release|Windows-ARM.Build.0 = Release|Any CPU
		{2B5CADED-2F8B-4809-ABA8-7B679D31E162}.Release|Windows-x64.ActiveCfg = Release|Any CPU
		{2B5CADED-2F8B-4809-ABA8-7B679D31E162}.Release|Windows-x64.Build.0 = Release|Any CPU
		{2B5CADED-2F8B-4809-ABA8-7B679D31E162}.Release|Windows-x86.ActiveCfg = Release|Any CPU
		{2B5CADED-2F8B-4809-ABA8-7B679D31E162}.Release|Windows-x86.Build.0 = Release|Any CPU
		{2B5CADED-2F8B-4809-ABA8-7B679D31E162}.Release|x64.ActiveCfg = Release|Any CPU
		{2B5CADED-2F8B-4809-ABA8-7B679D31E162}.Release|x64.Build.0 = Release|Any CPU
		{2B5CADED-2F8B-4809-ABA8-7B679D31E162}.Release|x86.ActiveCfg = Release|Any CPU
		{2B5CADED-2F8B-4809-ABA8-7B679D31E162}.Release|x86.Build.0 = Release|Any CPU
		{C48FDD29-C5ED-4A7D-BDF0-E5487CAAAF88}.Debug|Android.ActiveCfg = Debug|Any CPU
		{C48FDD29-C5ED-4A7D-BDF0-E5487CAAAF88}.Debug|Android.Build.0 = Debug|Any CPU
		{C48FDD29-C5ED-4A7D-BDF0-E5487CAAAF88}.Debug|Any CPU.ActiveCfg = Debug|Any CPU
		{C48FDD29-C5ED-4A7D-BDF0-E5487CAAAF88}.Debug|Any CPU.Build.0 = Debug|Any CPU
		{C48FDD29-C5ED-4A7D-BDF0-E5487CAAAF88}.Debug|iOS.ActiveCfg = Debug|Any CPU
		{C48FDD29-C5ED-4A7D-BDF0-E5487CAAAF88}.Debug|iOS.Build.0 = Debug|Any CPU
		{C48FDD29-C5ED-4A7D-BDF0-E5487CAAAF88}.Debug|Windows-ARM.ActiveCfg = Debug|Any CPU
		{C48FDD29-C5ED-4A7D-BDF0-E5487CAAAF88}.Debug|Windows-ARM.Build.0 = Debug|Any CPU
		{C48FDD29-C5ED-4A7D-BDF0-E5487CAAAF88}.Debug|Windows-x64.ActiveCfg = Debug|Any CPU
		{C48FDD29-C5ED-4A7D-BDF0-E5487CAAAF88}.Debug|Windows-x64.Build.0 = Debug|Any CPU
		{C48FDD29-C5ED-4A7D-BDF0-E5487CAAAF88}.Debug|Windows-x86.ActiveCfg = Debug|Any CPU
		{C48FDD29-C5ED-4A7D-BDF0-E5487CAAAF88}.Debug|Windows-x86.Build.0 = Debug|Any CPU
		{C48FDD29-C5ED-4A7D-BDF0-E5487CAAAF88}.Debug|x64.ActiveCfg = Debug|Any CPU
		{C48FDD29-C5ED-4A7D-BDF0-E5487CAAAF88}.Debug|x64.Build.0 = Debug|Any CPU
		{C48FDD29-C5ED-4A7D-BDF0-E5487CAAAF88}.Debug|x86.ActiveCfg = Debug|Any CPU
		{C48FDD29-C5ED-4A7D-BDF0-E5487CAAAF88}.Debug|x86.Build.0 = Debug|Any CPU
		{C48FDD29-C5ED-4A7D-BDF0-E5487CAAAF88}.Release|Android.ActiveCfg = Release|Any CPU
		{C48FDD29-C5ED-4A7D-BDF0-E5487CAAAF88}.Release|Android.Build.0 = Release|Any CPU
		{C48FDD29-C5ED-4A7D-BDF0-E5487CAAAF88}.Release|Any CPU.ActiveCfg = Release|Any CPU
		{C48FDD29-C5ED-4A7D-BDF0-E5487CAAAF88}.Release|Any CPU.Build.0 = Release|Any CPU
		{C48FDD29-C5ED-4A7D-BDF0-E5487CAAAF88}.Release|iOS.ActiveCfg = Release|Any CPU
		{C48FDD29-C5ED-4A7D-BDF0-E5487CAAAF88}.Release|iOS.Build.0 = Release|Any CPU
		{C48FDD29-C5ED-4A7D-BDF0-E5487CAAAF88}.Release|Windows-ARM.ActiveCfg = Release|Any CPU
		{C48FDD29-C5ED-4A7D-BDF0-E5487CAAAF88}.Release|Windows-ARM.Build.0 = Release|Any CPU
		{C48FDD29-C5ED-4A7D-BDF0-E5487CAAAF88}.Release|Windows-x64.ActiveCfg = Release|Any CPU
		{C48FDD29-C5ED-4A7D-BDF0-E5487CAAAF88}.Release|Windows-x64.Build.0 = Release|Any CPU
		{C48FDD29-C5ED-4A7D-BDF0-E5487CAAAF88}.Release|Windows-x86.ActiveCfg = Release|Any CPU
		{C48FDD29-C5ED-4A7D-BDF0-E5487CAAAF88}.Release|Windows-x86.Build.0 = Release|Any CPU
		{C48FDD29-C5ED-4A7D-BDF0-E5487CAAAF88}.Release|x64.ActiveCfg = Release|Any CPU
		{C48FDD29-C5ED-4A7D-BDF0-E5487CAAAF88}.Release|x64.Build.0 = Release|Any CPU
		{C48FDD29-C5ED-4A7D-BDF0-E5487CAAAF88}.Release|x86.ActiveCfg = Release|Any CPU
		{C48FDD29-C5ED-4A7D-BDF0-E5487CAAAF88}.Release|x86.Build.0 = Release|Any CPU
		{D2558325-785F-4A34-896E-B24846347BFB}.Debug|Android.ActiveCfg = Debug|Any CPU
		{D2558325-785F-4A34-896E-B24846347BFB}.Debug|Android.Build.0 = Debug|Any CPU
		{D2558325-785F-4A34-896E-B24846347BFB}.Debug|Any CPU.ActiveCfg = Debug|Any CPU
		{D2558325-785F-4A34-896E-B24846347BFB}.Debug|Any CPU.Build.0 = Debug|Any CPU
		{D2558325-785F-4A34-896E-B24846347BFB}.Debug|iOS.ActiveCfg = Debug|Any CPU
		{D2558325-785F-4A34-896E-B24846347BFB}.Debug|iOS.Build.0 = Debug|Any CPU
		{D2558325-785F-4A34-896E-B24846347BFB}.Debug|Windows-ARM.ActiveCfg = Debug|Any CPU
		{D2558325-785F-4A34-896E-B24846347BFB}.Debug|Windows-ARM.Build.0 = Debug|Any CPU
		{D2558325-785F-4A34-896E-B24846347BFB}.Debug|Windows-x64.ActiveCfg = Debug|Any CPU
		{D2558325-785F-4A34-896E-B24846347BFB}.Debug|Windows-x64.Build.0 = Debug|Any CPU
		{D2558325-785F-4A34-896E-B24846347BFB}.Debug|Windows-x86.ActiveCfg = Debug|Any CPU
		{D2558325-785F-4A34-896E-B24846347BFB}.Debug|Windows-x86.Build.0 = Debug|Any CPU
		{D2558325-785F-4A34-896E-B24846347BFB}.Debug|x64.ActiveCfg = Debug|Any CPU
		{D2558325-785F-4A34-896E-B24846347BFB}.Debug|x64.Build.0 = Debug|Any CPU
		{D2558325-785F-4A34-896E-B24846347BFB}.Debug|x86.ActiveCfg = Debug|Any CPU
		{D2558325-785F-4A34-896E-B24846347BFB}.Debug|x86.Build.0 = Debug|Any CPU
		{D2558325-785F-4A34-896E-B24846347BFB}.Release|Android.ActiveCfg = Release|Any CPU
		{D2558325-785F-4A34-896E-B24846347BFB}.Release|Android.Build.0 = Release|Any CPU
		{D2558325-785F-4A34-896E-B24846347BFB}.Release|Any CPU.ActiveCfg = Release|Any CPU
		{D2558325-785F-4A34-896E-B24846347BFB}.Release|Any CPU.Build.0 = Release|Any CPU
		{D2558325-785F-4A34-896E-B24846347BFB}.Release|iOS.ActiveCfg = Release|Any CPU
		{D2558325-785F-4A34-896E-B24846347BFB}.Release|iOS.Build.0 = Release|Any CPU
		{D2558325-785F-4A34-896E-B24846347BFB}.Release|Windows-ARM.ActiveCfg = Release|Any CPU
		{D2558325-785F-4A34-896E-B24846347BFB}.Release|Windows-ARM.Build.0 = Release|Any CPU
		{D2558325-785F-4A34-896E-B24846347BFB}.Release|Windows-x64.ActiveCfg = Release|Any CPU
		{D2558325-785F-4A34-896E-B24846347BFB}.Release|Windows-x64.Build.0 = Release|Any CPU
		{D2558325-785F-4A34-896E-B24846347BFB}.Release|Windows-x86.ActiveCfg = Release|Any CPU
		{D2558325-785F-4A34-896E-B24846347BFB}.Release|Windows-x86.Build.0 = Release|Any CPU
		{D2558325-785F-4A34-896E-B24846347BFB}.Release|x64.ActiveCfg = Release|Any CPU
		{D2558325-785F-4A34-896E-B24846347BFB}.Release|x64.Build.0 = Release|Any CPU
		{D2558325-785F-4A34-896E-B24846347BFB}.Release|x86.ActiveCfg = Release|Any CPU
		{D2558325-785F-4A34-896E-B24846347BFB}.Release|x86.Build.0 = Release|Any CPU
		{E6C95D60-F0FB-4DE7-93DD-25E43F7D42EA}.Debug|Android.ActiveCfg = Debug|Any CPU
		{E6C95D60-F0FB-4DE7-93DD-25E43F7D42EA}.Debug|Android.Build.0 = Debug|Any CPU
		{E6C95D60-F0FB-4DE7-93DD-25E43F7D42EA}.Debug|Any CPU.ActiveCfg = Debug|Any CPU
		{E6C95D60-F0FB-4DE7-93DD-25E43F7D42EA}.Debug|Any CPU.Build.0 = Debug|Any CPU
		{E6C95D60-F0FB-4DE7-93DD-25E43F7D42EA}.Debug|iOS.ActiveCfg = Debug|Any CPU
		{E6C95D60-F0FB-4DE7-93DD-25E43F7D42EA}.Debug|iOS.Build.0 = Debug|Any CPU
		{E6C95D60-F0FB-4DE7-93DD-25E43F7D42EA}.Debug|Windows-ARM.ActiveCfg = Debug|Any CPU
		{E6C95D60-F0FB-4DE7-93DD-25E43F7D42EA}.Debug|Windows-ARM.Build.0 = Debug|Any CPU
		{E6C95D60-F0FB-4DE7-93DD-25E43F7D42EA}.Debug|Windows-x64.ActiveCfg = Debug|Any CPU
		{E6C95D60-F0FB-4DE7-93DD-25E43F7D42EA}.Debug|Windows-x64.Build.0 = Debug|Any CPU
		{E6C95D60-F0FB-4DE7-93DD-25E43F7D42EA}.Debug|Windows-x86.ActiveCfg = Debug|Any CPU
		{E6C95D60-F0FB-4DE7-93DD-25E43F7D42EA}.Debug|Windows-x86.Build.0 = Debug|Any CPU
		{E6C95D60-F0FB-4DE7-93DD-25E43F7D42EA}.Debug|x64.ActiveCfg = Debug|Any CPU
		{E6C95D60-F0FB-4DE7-93DD-25E43F7D42EA}.Debug|x64.Build.0 = Debug|Any CPU
		{E6C95D60-F0FB-4DE7-93DD-25E43F7D42EA}.Debug|x86.ActiveCfg = Debug|Any CPU
		{E6C95D60-F0FB-4DE7-93DD-25E43F7D42EA}.Debug|x86.Build.0 = Debug|Any CPU
		{E6C95D60-F0FB-4DE7-93DD-25E43F7D42EA}.Release|Android.ActiveCfg = Release|Any CPU
		{E6C95D60-F0FB-4DE7-93DD-25E43F7D42EA}.Release|Android.Build.0 = Release|Any CPU
		{E6C95D60-F0FB-4DE7-93DD-25E43F7D42EA}.Release|Any CPU.ActiveCfg = Release|Any CPU
		{E6C95D60-F0FB-4DE7-93DD-25E43F7D42EA}.Release|Any CPU.Build.0 = Release|Any CPU
		{E6C95D60-F0FB-4DE7-93DD-25E43F7D42EA}.Release|iOS.ActiveCfg = Release|Any CPU
		{E6C95D60-F0FB-4DE7-93DD-25E43F7D42EA}.Release|iOS.Build.0 = Release|Any CPU
		{E6C95D60-F0FB-4DE7-93DD-25E43F7D42EA}.Release|Windows-ARM.ActiveCfg = Release|Any CPU
		{E6C95D60-F0FB-4DE7-93DD-25E43F7D42EA}.Release|Windows-ARM.Build.0 = Release|Any CPU
		{E6C95D60-F0FB-4DE7-93DD-25E43F7D42EA}.Release|Windows-x64.ActiveCfg = Release|Any CPU
		{E6C95D60-F0FB-4DE7-93DD-25E43F7D42EA}.Release|Windows-x64.Build.0 = Release|Any CPU
		{E6C95D60-F0FB-4DE7-93DD-25E43F7D42EA}.Release|Windows-x86.ActiveCfg = Release|Any CPU
		{E6C95D60-F0FB-4DE7-93DD-25E43F7D42EA}.Release|Windows-x86.Build.0 = Release|Any CPU
		{E6C95D60-F0FB-4DE7-93DD-25E43F7D42EA}.Release|x64.ActiveCfg = Release|Any CPU
		{E6C95D60-F0FB-4DE7-93DD-25E43F7D42EA}.Release|x64.Build.0 = Release|Any CPU
		{E6C95D60-F0FB-4DE7-93DD-25E43F7D42EA}.Release|x86.ActiveCfg = Release|Any CPU
		{E6C95D60-F0FB-4DE7-93DD-25E43F7D42EA}.Release|x86.Build.0 = Release|Any CPU
		{C85FC166-E6A4-40C1-BCB8-1FB68042F62F}.Debug|Android.ActiveCfg = Debug|Any CPU
		{C85FC166-E6A4-40C1-BCB8-1FB68042F62F}.Debug|Android.Build.0 = Debug|Any CPU
		{C85FC166-E6A4-40C1-BCB8-1FB68042F62F}.Debug|Any CPU.ActiveCfg = Debug|Any CPU
		{C85FC166-E6A4-40C1-BCB8-1FB68042F62F}.Debug|Any CPU.Build.0 = Debug|Any CPU
		{C85FC166-E6A4-40C1-BCB8-1FB68042F62F}.Debug|iOS.ActiveCfg = Debug|Any CPU
		{C85FC166-E6A4-40C1-BCB8-1FB68042F62F}.Debug|iOS.Build.0 = Debug|Any CPU
		{C85FC166-E6A4-40C1-BCB8-1FB68042F62F}.Debug|Windows-ARM.ActiveCfg = Debug|Any CPU
		{C85FC166-E6A4-40C1-BCB8-1FB68042F62F}.Debug|Windows-ARM.Build.0 = Debug|Any CPU
		{C85FC166-E6A4-40C1-BCB8-1FB68042F62F}.Debug|Windows-x64.ActiveCfg = Debug|Any CPU
		{C85FC166-E6A4-40C1-BCB8-1FB68042F62F}.Debug|Windows-x64.Build.0 = Debug|Any CPU
		{C85FC166-E6A4-40C1-BCB8-1FB68042F62F}.Debug|Windows-x86.ActiveCfg = Debug|Any CPU
		{C85FC166-E6A4-40C1-BCB8-1FB68042F62F}.Debug|Windows-x86.Build.0 = Debug|Any CPU
		{C85FC166-E6A4-40C1-BCB8-1FB68042F62F}.Debug|x64.ActiveCfg = Debug|Any CPU
		{C85FC166-E6A4-40C1-BCB8-1FB68042F62F}.Debug|x64.Build.0 = Debug|Any CPU
		{C85FC166-E6A4-40C1-BCB8-1FB68042F62F}.Debug|x86.ActiveCfg = Debug|Any CPU
		{C85FC166-E6A4-40C1-BCB8-1FB68042F62F}.Debug|x86.Build.0 = Debug|Any CPU
		{C85FC166-E6A4-40C1-BCB8-1FB68042F62F}.Release|Android.ActiveCfg = Release|Any CPU
		{C85FC166-E6A4-40C1-BCB8-1FB68042F62F}.Release|Android.Build.0 = Release|Any CPU
		{C85FC166-E6A4-40C1-BCB8-1FB68042F62F}.Release|Any CPU.ActiveCfg = Release|Any CPU
		{C85FC166-E6A4-40C1-BCB8-1FB68042F62F}.Release|Any CPU.Build.0 = Release|Any CPU
		{C85FC166-E6A4-40C1-BCB8-1FB68042F62F}.Release|iOS.ActiveCfg = Release|Any CPU
		{C85FC166-E6A4-40C1-BCB8-1FB68042F62F}.Release|iOS.Build.0 = Release|Any CPU
		{C85FC166-E6A4-40C1-BCB8-1FB68042F62F}.Release|Windows-ARM.ActiveCfg = Release|Any CPU
		{C85FC166-E6A4-40C1-BCB8-1FB68042F62F}.Release|Windows-ARM.Build.0 = Release|Any CPU
		{C85FC166-E6A4-40C1-BCB8-1FB68042F62F}.Release|Windows-x64.ActiveCfg = Release|Any CPU
		{C85FC166-E6A4-40C1-BCB8-1FB68042F62F}.Release|Windows-x64.Build.0 = Release|Any CPU
		{C85FC166-E6A4-40C1-BCB8-1FB68042F62F}.Release|Windows-x86.ActiveCfg = Release|Any CPU
		{C85FC166-E6A4-40C1-BCB8-1FB68042F62F}.Release|Windows-x86.Build.0 = Release|Any CPU
		{C85FC166-E6A4-40C1-BCB8-1FB68042F62F}.Release|x64.ActiveCfg = Release|Any CPU
		{C85FC166-E6A4-40C1-BCB8-1FB68042F62F}.Release|x64.Build.0 = Release|Any CPU
		{C85FC166-E6A4-40C1-BCB8-1FB68042F62F}.Release|x86.ActiveCfg = Release|Any CPU
		{C85FC166-E6A4-40C1-BCB8-1FB68042F62F}.Release|x86.Build.0 = Release|Any CPU
		{E0AB2637-9207-4941-9C9D-1FA6FD67FFE6}.Debug|Android.ActiveCfg = Debug|Any CPU
		{E0AB2637-9207-4941-9C9D-1FA6FD67FFE6}.Debug|Android.Build.0 = Debug|Any CPU
		{E0AB2637-9207-4941-9C9D-1FA6FD67FFE6}.Debug|Any CPU.ActiveCfg = Debug|Any CPU
		{E0AB2637-9207-4941-9C9D-1FA6FD67FFE6}.Debug|Any CPU.Build.0 = Debug|Any CPU
		{E0AB2637-9207-4941-9C9D-1FA6FD67FFE6}.Debug|iOS.ActiveCfg = Debug|Any CPU
		{E0AB2637-9207-4941-9C9D-1FA6FD67FFE6}.Debug|iOS.Build.0 = Debug|Any CPU
		{E0AB2637-9207-4941-9C9D-1FA6FD67FFE6}.Debug|Windows-ARM.ActiveCfg = Debug|Any CPU
		{E0AB2637-9207-4941-9C9D-1FA6FD67FFE6}.Debug|Windows-ARM.Build.0 = Debug|Any CPU
		{E0AB2637-9207-4941-9C9D-1FA6FD67FFE6}.Debug|Windows-x64.ActiveCfg = Debug|Any CPU
		{E0AB2637-9207-4941-9C9D-1FA6FD67FFE6}.Debug|Windows-x64.Build.0 = Debug|Any CPU
		{E0AB2637-9207-4941-9C9D-1FA6FD67FFE6}.Debug|Windows-x86.ActiveCfg = Debug|Any CPU
		{E0AB2637-9207-4941-9C9D-1FA6FD67FFE6}.Debug|Windows-x86.Build.0 = Debug|Any CPU
		{E0AB2637-9207-4941-9C9D-1FA6FD67FFE6}.Debug|x64.ActiveCfg = Debug|Any CPU
		{E0AB2637-9207-4941-9C9D-1FA6FD67FFE6}.Debug|x64.Build.0 = Debug|Any CPU
		{E0AB2637-9207-4941-9C9D-1FA6FD67FFE6}.Debug|x86.ActiveCfg = Debug|Any CPU
		{E0AB2637-9207-4941-9C9D-1FA6FD67FFE6}.Debug|x86.Build.0 = Debug|Any CPU
		{E0AB2637-9207-4941-9C9D-1FA6FD67FFE6}.Release|Android.ActiveCfg = Release|Any CPU
		{E0AB2637-9207-4941-9C9D-1FA6FD67FFE6}.Release|Android.Build.0 = Release|Any CPU
		{E0AB2637-9207-4941-9C9D-1FA6FD67FFE6}.Release|Any CPU.ActiveCfg = Release|Any CPU
		{E0AB2637-9207-4941-9C9D-1FA6FD67FFE6}.Release|Any CPU.Build.0 = Release|Any CPU
		{E0AB2637-9207-4941-9C9D-1FA6FD67FFE6}.Release|iOS.ActiveCfg = Release|Any CPU
		{E0AB2637-9207-4941-9C9D-1FA6FD67FFE6}.Release|iOS.Build.0 = Release|Any CPU
		{E0AB2637-9207-4941-9C9D-1FA6FD67FFE6}.Release|Windows-ARM.ActiveCfg = Release|Any CPU
		{E0AB2637-9207-4941-9C9D-1FA6FD67FFE6}.Release|Windows-ARM.Build.0 = Release|Any CPU
		{E0AB2637-9207-4941-9C9D-1FA6FD67FFE6}.Release|Windows-x64.ActiveCfg = Release|Any CPU
		{E0AB2637-9207-4941-9C9D-1FA6FD67FFE6}.Release|Windows-x64.Build.0 = Release|Any CPU
		{E0AB2637-9207-4941-9C9D-1FA6FD67FFE6}.Release|Windows-x86.ActiveCfg = Release|Any CPU
		{E0AB2637-9207-4941-9C9D-1FA6FD67FFE6}.Release|Windows-x86.Build.0 = Release|Any CPU
		{E0AB2637-9207-4941-9C9D-1FA6FD67FFE6}.Release|x64.ActiveCfg = Release|Any CPU
		{E0AB2637-9207-4941-9C9D-1FA6FD67FFE6}.Release|x64.Build.0 = Release|Any CPU
		{E0AB2637-9207-4941-9C9D-1FA6FD67FFE6}.Release|x86.ActiveCfg = Release|Any CPU
		{E0AB2637-9207-4941-9C9D-1FA6FD67FFE6}.Release|x86.Build.0 = Release|Any CPU
		{49629314-6D2C-4630-A478-09E4338CA8D1}.Debug|Android.ActiveCfg = Debug|Any CPU
		{49629314-6D2C-4630-A478-09E4338CA8D1}.Debug|Android.Build.0 = Debug|Any CPU
		{49629314-6D2C-4630-A478-09E4338CA8D1}.Debug|Any CPU.ActiveCfg = Debug|Any CPU
		{49629314-6D2C-4630-A478-09E4338CA8D1}.Debug|Any CPU.Build.0 = Debug|Any CPU
		{49629314-6D2C-4630-A478-09E4338CA8D1}.Debug|iOS.ActiveCfg = Debug|Any CPU
		{49629314-6D2C-4630-A478-09E4338CA8D1}.Debug|iOS.Build.0 = Debug|Any CPU
		{49629314-6D2C-4630-A478-09E4338CA8D1}.Debug|Windows-ARM.ActiveCfg = Debug|Any CPU
		{49629314-6D2C-4630-A478-09E4338CA8D1}.Debug|Windows-ARM.Build.0 = Debug|Any CPU
		{49629314-6D2C-4630-A478-09E4338CA8D1}.Debug|Windows-x64.ActiveCfg = Debug|Any CPU
		{49629314-6D2C-4630-A478-09E4338CA8D1}.Debug|Windows-x64.Build.0 = Debug|Any CPU
		{49629314-6D2C-4630-A478-09E4338CA8D1}.Debug|Windows-x86.ActiveCfg = Debug|Any CPU
		{49629314-6D2C-4630-A478-09E4338CA8D1}.Debug|Windows-x86.Build.0 = Debug|Any CPU
		{49629314-6D2C-4630-A478-09E4338CA8D1}.Debug|x64.ActiveCfg = Debug|Any CPU
		{49629314-6D2C-4630-A478-09E4338CA8D1}.Debug|x64.Build.0 = Debug|Any CPU
		{49629314-6D2C-4630-A478-09E4338CA8D1}.Debug|x86.ActiveCfg = Debug|Any CPU
		{49629314-6D2C-4630-A478-09E4338CA8D1}.Debug|x86.Build.0 = Debug|Any CPU
		{49629314-6D2C-4630-A478-09E4338CA8D1}.Release|Android.ActiveCfg = Release|Any CPU
		{49629314-6D2C-4630-A478-09E4338CA8D1}.Release|Android.Build.0 = Release|Any CPU
		{49629314-6D2C-4630-A478-09E4338CA8D1}.Release|Any CPU.ActiveCfg = Release|Any CPU
		{49629314-6D2C-4630-A478-09E4338CA8D1}.Release|Any CPU.Build.0 = Release|Any CPU
		{49629314-6D2C-4630-A478-09E4338CA8D1}.Release|iOS.ActiveCfg = Release|Any CPU
		{49629314-6D2C-4630-A478-09E4338CA8D1}.Release|iOS.Build.0 = Release|Any CPU
		{49629314-6D2C-4630-A478-09E4338CA8D1}.Release|Windows-ARM.ActiveCfg = Release|Any CPU
		{49629314-6D2C-4630-A478-09E4338CA8D1}.Release|Windows-ARM.Build.0 = Release|Any CPU
		{49629314-6D2C-4630-A478-09E4338CA8D1}.Release|Windows-x64.ActiveCfg = Release|Any CPU
		{49629314-6D2C-4630-A478-09E4338CA8D1}.Release|Windows-x64.Build.0 = Release|Any CPU
		{49629314-6D2C-4630-A478-09E4338CA8D1}.Release|Windows-x86.ActiveCfg = Release|Any CPU
		{49629314-6D2C-4630-A478-09E4338CA8D1}.Release|Windows-x86.Build.0 = Release|Any CPU
		{49629314-6D2C-4630-A478-09E4338CA8D1}.Release|x64.ActiveCfg = Release|Any CPU
		{49629314-6D2C-4630-A478-09E4338CA8D1}.Release|x64.Build.0 = Release|Any CPU
		{49629314-6D2C-4630-A478-09E4338CA8D1}.Release|x86.ActiveCfg = Release|Any CPU
		{49629314-6D2C-4630-A478-09E4338CA8D1}.Release|x86.Build.0 = Release|Any CPU
		{215CD0DE-09D8-46F4-A9CF-5C4EAE8217F6}.Debug|Android.ActiveCfg = Debug|Any CPU
		{215CD0DE-09D8-46F4-A9CF-5C4EAE8217F6}.Debug|Android.Build.0 = Debug|Any CPU
		{215CD0DE-09D8-46F4-A9CF-5C4EAE8217F6}.Debug|Any CPU.ActiveCfg = Debug|Any CPU
		{215CD0DE-09D8-46F4-A9CF-5C4EAE8217F6}.Debug|Any CPU.Build.0 = Debug|Any CPU
		{215CD0DE-09D8-46F4-A9CF-5C4EAE8217F6}.Debug|iOS.ActiveCfg = Debug|Any CPU
		{215CD0DE-09D8-46F4-A9CF-5C4EAE8217F6}.Debug|iOS.Build.0 = Debug|Any CPU
		{215CD0DE-09D8-46F4-A9CF-5C4EAE8217F6}.Debug|Windows-ARM.ActiveCfg = Debug|Any CPU
		{215CD0DE-09D8-46F4-A9CF-5C4EAE8217F6}.Debug|Windows-ARM.Build.0 = Debug|Any CPU
		{215CD0DE-09D8-46F4-A9CF-5C4EAE8217F6}.Debug|Windows-x64.ActiveCfg = Debug|Any CPU
		{215CD0DE-09D8-46F4-A9CF-5C4EAE8217F6}.Debug|Windows-x64.Build.0 = Debug|Any CPU
		{215CD0DE-09D8-46F4-A9CF-5C4EAE8217F6}.Debug|Windows-x86.ActiveCfg = Debug|Any CPU
		{215CD0DE-09D8-46F4-A9CF-5C4EAE8217F6}.Debug|Windows-x86.Build.0 = Debug|Any CPU
		{215CD0DE-09D8-46F4-A9CF-5C4EAE8217F6}.Debug|x64.ActiveCfg = Debug|Any CPU
		{215CD0DE-09D8-46F4-A9CF-5C4EAE8217F6}.Debug|x64.Build.0 = Debug|Any CPU
		{215CD0DE-09D8-46F4-A9CF-5C4EAE8217F6}.Debug|x86.ActiveCfg = Debug|Any CPU
		{215CD0DE-09D8-46F4-A9CF-5C4EAE8217F6}.Debug|x86.Build.0 = Debug|Any CPU
		{215CD0DE-09D8-46F4-A9CF-5C4EAE8217F6}.Release|Android.ActiveCfg = Release|Any CPU
		{215CD0DE-09D8-46F4-A9CF-5C4EAE8217F6}.Release|Android.Build.0 = Release|Any CPU
		{215CD0DE-09D8-46F4-A9CF-5C4EAE8217F6}.Release|Any CPU.ActiveCfg = Release|Any CPU
		{215CD0DE-09D8-46F4-A9CF-5C4EAE8217F6}.Release|Any CPU.Build.0 = Release|Any CPU
		{215CD0DE-09D8-46F4-A9CF-5C4EAE8217F6}.Release|iOS.ActiveCfg = Release|Any CPU
		{215CD0DE-09D8-46F4-A9CF-5C4EAE8217F6}.Release|iOS.Build.0 = Release|Any CPU
		{215CD0DE-09D8-46F4-A9CF-5C4EAE8217F6}.Release|Windows-ARM.ActiveCfg = Release|Any CPU
		{215CD0DE-09D8-46F4-A9CF-5C4EAE8217F6}.Release|Windows-ARM.Build.0 = Release|Any CPU
		{215CD0DE-09D8-46F4-A9CF-5C4EAE8217F6}.Release|Windows-x64.ActiveCfg = Release|Any CPU
		{215CD0DE-09D8-46F4-A9CF-5C4EAE8217F6}.Release|Windows-x64.Build.0 = Release|Any CPU
		{215CD0DE-09D8-46F4-A9CF-5C4EAE8217F6}.Release|Windows-x86.ActiveCfg = Release|Any CPU
		{215CD0DE-09D8-46F4-A9CF-5C4EAE8217F6}.Release|Windows-x86.Build.0 = Release|Any CPU
		{215CD0DE-09D8-46F4-A9CF-5C4EAE8217F6}.Release|x64.ActiveCfg = Release|Any CPU
		{215CD0DE-09D8-46F4-A9CF-5C4EAE8217F6}.Release|x64.Build.0 = Release|Any CPU
		{215CD0DE-09D8-46F4-A9CF-5C4EAE8217F6}.Release|x86.ActiveCfg = Release|Any CPU
		{215CD0DE-09D8-46F4-A9CF-5C4EAE8217F6}.Release|x86.Build.0 = Release|Any CPU
		{89E6A0E8-D17B-4B78-BEE4-B4A36C8F4EDD}.Debug|Android.ActiveCfg = Debug|Any CPU
		{89E6A0E8-D17B-4B78-BEE4-B4A36C8F4EDD}.Debug|Android.Build.0 = Debug|Any CPU
		{89E6A0E8-D17B-4B78-BEE4-B4A36C8F4EDD}.Debug|Any CPU.ActiveCfg = Debug|Any CPU
		{89E6A0E8-D17B-4B78-BEE4-B4A36C8F4EDD}.Debug|Any CPU.Build.0 = Debug|Any CPU
		{89E6A0E8-D17B-4B78-BEE4-B4A36C8F4EDD}.Debug|iOS.ActiveCfg = Debug|Any CPU
		{89E6A0E8-D17B-4B78-BEE4-B4A36C8F4EDD}.Debug|iOS.Build.0 = Debug|Any CPU
		{89E6A0E8-D17B-4B78-BEE4-B4A36C8F4EDD}.Debug|Windows-ARM.ActiveCfg = Debug|Any CPU
		{89E6A0E8-D17B-4B78-BEE4-B4A36C8F4EDD}.Debug|Windows-ARM.Build.0 = Debug|Any CPU
		{89E6A0E8-D17B-4B78-BEE4-B4A36C8F4EDD}.Debug|Windows-x64.ActiveCfg = Debug|Any CPU
		{89E6A0E8-D17B-4B78-BEE4-B4A36C8F4EDD}.Debug|Windows-x64.Build.0 = Debug|Any CPU
		{89E6A0E8-D17B-4B78-BEE4-B4A36C8F4EDD}.Debug|Windows-x86.ActiveCfg = Debug|Any CPU
		{89E6A0E8-D17B-4B78-BEE4-B4A36C8F4EDD}.Debug|Windows-x86.Build.0 = Debug|Any CPU
		{89E6A0E8-D17B-4B78-BEE4-B4A36C8F4EDD}.Debug|x64.ActiveCfg = Debug|Any CPU
		{89E6A0E8-D17B-4B78-BEE4-B4A36C8F4EDD}.Debug|x64.Build.0 = Debug|Any CPU
		{89E6A0E8-D17B-4B78-BEE4-B4A36C8F4EDD}.Debug|x86.ActiveCfg = Debug|Any CPU
		{89E6A0E8-D17B-4B78-BEE4-B4A36C8F4EDD}.Debug|x86.Build.0 = Debug|Any CPU
		{89E6A0E8-D17B-4B78-BEE4-B4A36C8F4EDD}.Release|Android.ActiveCfg = Release|Any CPU
		{89E6A0E8-D17B-4B78-BEE4-B4A36C8F4EDD}.Release|Android.Build.0 = Release|Any CPU
		{89E6A0E8-D17B-4B78-BEE4-B4A36C8F4EDD}.Release|Any CPU.ActiveCfg = Release|Any CPU
		{89E6A0E8-D17B-4B78-BEE4-B4A36C8F4EDD}.Release|Any CPU.Build.0 = Release|Any CPU
		{89E6A0E8-D17B-4B78-BEE4-B4A36C8F4EDD}.Release|iOS.ActiveCfg = Release|Any CPU
		{89E6A0E8-D17B-4B78-BEE4-B4A36C8F4EDD}.Release|iOS.Build.0 = Release|Any CPU
		{89E6A0E8-D17B-4B78-BEE4-B4A36C8F4EDD}.Release|Windows-ARM.ActiveCfg = Release|Any CPU
		{89E6A0E8-D17B-4B78-BEE4-B4A36C8F4EDD}.Release|Windows-ARM.Build.0 = Release|Any CPU
		{89E6A0E8-D17B-4B78-BEE4-B4A36C8F4EDD}.Release|Windows-x64.ActiveCfg = Release|Any CPU
		{89E6A0E8-D17B-4B78-BEE4-B4A36C8F4EDD}.Release|Windows-x64.Build.0 = Release|Any CPU
		{89E6A0E8-D17B-4B78-BEE4-B4A36C8F4EDD}.Release|Windows-x86.ActiveCfg = Release|Any CPU
		{89E6A0E8-D17B-4B78-BEE4-B4A36C8F4EDD}.Release|Windows-x86.Build.0 = Release|Any CPU
		{89E6A0E8-D17B-4B78-BEE4-B4A36C8F4EDD}.Release|x64.ActiveCfg = Release|Any CPU
		{89E6A0E8-D17B-4B78-BEE4-B4A36C8F4EDD}.Release|x64.Build.0 = Release|Any CPU
		{89E6A0E8-D17B-4B78-BEE4-B4A36C8F4EDD}.Release|x86.ActiveCfg = Release|Any CPU
		{89E6A0E8-D17B-4B78-BEE4-B4A36C8F4EDD}.Release|x86.Build.0 = Release|Any CPU
		{29481049-5D8F-4F96-A93B-F818AD37C537}.Debug|Android.ActiveCfg = Debug|Any CPU
		{29481049-5D8F-4F96-A93B-F818AD37C537}.Debug|Android.Build.0 = Debug|Any CPU
		{29481049-5D8F-4F96-A93B-F818AD37C537}.Debug|Any CPU.ActiveCfg = Debug|Any CPU
		{29481049-5D8F-4F96-A93B-F818AD37C537}.Debug|Any CPU.Build.0 = Debug|Any CPU
		{29481049-5D8F-4F96-A93B-F818AD37C537}.Debug|iOS.ActiveCfg = Debug|Any CPU
		{29481049-5D8F-4F96-A93B-F818AD37C537}.Debug|iOS.Build.0 = Debug|Any CPU
		{29481049-5D8F-4F96-A93B-F818AD37C537}.Debug|Windows-ARM.ActiveCfg = Debug|Any CPU
		{29481049-5D8F-4F96-A93B-F818AD37C537}.Debug|Windows-ARM.Build.0 = Debug|Any CPU
		{29481049-5D8F-4F96-A93B-F818AD37C537}.Debug|Windows-x64.ActiveCfg = Debug|Any CPU
		{29481049-5D8F-4F96-A93B-F818AD37C537}.Debug|Windows-x64.Build.0 = Debug|Any CPU
		{29481049-5D8F-4F96-A93B-F818AD37C537}.Debug|Windows-x86.ActiveCfg = Debug|Any CPU
		{29481049-5D8F-4F96-A93B-F818AD37C537}.Debug|Windows-x86.Build.0 = Debug|Any CPU
		{29481049-5D8F-4F96-A93B-F818AD37C537}.Debug|x64.ActiveCfg = Debug|Any CPU
		{29481049-5D8F-4F96-A93B-F818AD37C537}.Debug|x64.Build.0 = Debug|Any CPU
		{29481049-5D8F-4F96-A93B-F818AD37C537}.Debug|x86.ActiveCfg = Debug|Any CPU
		{29481049-5D8F-4F96-A93B-F818AD37C537}.Debug|x86.Build.0 = Debug|Any CPU
		{29481049-5D8F-4F96-A93B-F818AD37C537}.Release|Android.ActiveCfg = Release|Any CPU
		{29481049-5D8F-4F96-A93B-F818AD37C537}.Release|Android.Build.0 = Release|Any CPU
		{29481049-5D8F-4F96-A93B-F818AD37C537}.Release|Any CPU.ActiveCfg = Release|Any CPU
		{29481049-5D8F-4F96-A93B-F818AD37C537}.Release|Any CPU.Build.0 = Release|Any CPU
		{29481049-5D8F-4F96-A93B-F818AD37C537}.Release|iOS.ActiveCfg = Release|Any CPU
		{29481049-5D8F-4F96-A93B-F818AD37C537}.Release|iOS.Build.0 = Release|Any CPU
		{29481049-5D8F-4F96-A93B-F818AD37C537}.Release|Windows-ARM.ActiveCfg = Release|Any CPU
		{29481049-5D8F-4F96-A93B-F818AD37C537}.Release|Windows-ARM.Build.0 = Release|Any CPU
		{29481049-5D8F-4F96-A93B-F818AD37C537}.Release|Windows-x64.ActiveCfg = Release|Any CPU
		{29481049-5D8F-4F96-A93B-F818AD37C537}.Release|Windows-x64.Build.0 = Release|Any CPU
		{29481049-5D8F-4F96-A93B-F818AD37C537}.Release|Windows-x86.ActiveCfg = Release|Any CPU
		{29481049-5D8F-4F96-A93B-F818AD37C537}.Release|Windows-x86.Build.0 = Release|Any CPU
		{29481049-5D8F-4F96-A93B-F818AD37C537}.Release|x64.ActiveCfg = Release|Any CPU
		{29481049-5D8F-4F96-A93B-F818AD37C537}.Release|x64.Build.0 = Release|Any CPU
		{29481049-5D8F-4F96-A93B-F818AD37C537}.Release|x86.ActiveCfg = Release|Any CPU
		{29481049-5D8F-4F96-A93B-F818AD37C537}.Release|x86.Build.0 = Release|Any CPU
		{7F29FCB3-D596-4EDE-8CDF-2AAD42F1C0BB}.Debug|Android.ActiveCfg = Debug|Any CPU
		{7F29FCB3-D596-4EDE-8CDF-2AAD42F1C0BB}.Debug|Android.Build.0 = Debug|Any CPU
		{7F29FCB3-D596-4EDE-8CDF-2AAD42F1C0BB}.Debug|Any CPU.ActiveCfg = Debug|Any CPU
		{7F29FCB3-D596-4EDE-8CDF-2AAD42F1C0BB}.Debug|Any CPU.Build.0 = Debug|Any CPU
		{7F29FCB3-D596-4EDE-8CDF-2AAD42F1C0BB}.Debug|iOS.ActiveCfg = Debug|Any CPU
		{7F29FCB3-D596-4EDE-8CDF-2AAD42F1C0BB}.Debug|iOS.Build.0 = Debug|Any CPU
		{7F29FCB3-D596-4EDE-8CDF-2AAD42F1C0BB}.Debug|Windows-ARM.ActiveCfg = Debug|Any CPU
		{7F29FCB3-D596-4EDE-8CDF-2AAD42F1C0BB}.Debug|Windows-ARM.Build.0 = Debug|Any CPU
		{7F29FCB3-D596-4EDE-8CDF-2AAD42F1C0BB}.Debug|Windows-x64.ActiveCfg = Debug|Any CPU
		{7F29FCB3-D596-4EDE-8CDF-2AAD42F1C0BB}.Debug|Windows-x64.Build.0 = Debug|Any CPU
		{7F29FCB3-D596-4EDE-8CDF-2AAD42F1C0BB}.Debug|Windows-x86.ActiveCfg = Debug|Any CPU
		{7F29FCB3-D596-4EDE-8CDF-2AAD42F1C0BB}.Debug|Windows-x86.Build.0 = Debug|Any CPU
		{7F29FCB3-D596-4EDE-8CDF-2AAD42F1C0BB}.Debug|x64.ActiveCfg = Debug|Any CPU
		{7F29FCB3-D596-4EDE-8CDF-2AAD42F1C0BB}.Debug|x64.Build.0 = Debug|Any CPU
		{7F29FCB3-D596-4EDE-8CDF-2AAD42F1C0BB}.Debug|x86.ActiveCfg = Debug|Any CPU
		{7F29FCB3-D596-4EDE-8CDF-2AAD42F1C0BB}.Debug|x86.Build.0 = Debug|Any CPU
		{7F29FCB3-D596-4EDE-8CDF-2AAD42F1C0BB}.Release|Android.ActiveCfg = Release|Any CPU
		{7F29FCB3-D596-4EDE-8CDF-2AAD42F1C0BB}.Release|Android.Build.0 = Release|Any CPU
		{7F29FCB3-D596-4EDE-8CDF-2AAD42F1C0BB}.Release|Any CPU.ActiveCfg = Release|Any CPU
		{7F29FCB3-D596-4EDE-8CDF-2AAD42F1C0BB}.Release|Any CPU.Build.0 = Release|Any CPU
		{7F29FCB3-D596-4EDE-8CDF-2AAD42F1C0BB}.Release|iOS.ActiveCfg = Release|Any CPU
		{7F29FCB3-D596-4EDE-8CDF-2AAD42F1C0BB}.Release|iOS.Build.0 = Release|Any CPU
		{7F29FCB3-D596-4EDE-8CDF-2AAD42F1C0BB}.Release|Windows-ARM.ActiveCfg = Release|Any CPU
		{7F29FCB3-D596-4EDE-8CDF-2AAD42F1C0BB}.Release|Windows-ARM.Build.0 = Release|Any CPU
		{7F29FCB3-D596-4EDE-8CDF-2AAD42F1C0BB}.Release|Windows-x64.ActiveCfg = Release|Any CPU
		{7F29FCB3-D596-4EDE-8CDF-2AAD42F1C0BB}.Release|Windows-x64.Build.0 = Release|Any CPU
		{7F29FCB3-D596-4EDE-8CDF-2AAD42F1C0BB}.Release|Windows-x86.ActiveCfg = Release|Any CPU
		{7F29FCB3-D596-4EDE-8CDF-2AAD42F1C0BB}.Release|Windows-x86.Build.0 = Release|Any CPU
		{7F29FCB3-D596-4EDE-8CDF-2AAD42F1C0BB}.Release|x64.ActiveCfg = Release|Any CPU
		{7F29FCB3-D596-4EDE-8CDF-2AAD42F1C0BB}.Release|x64.Build.0 = Release|Any CPU
		{7F29FCB3-D596-4EDE-8CDF-2AAD42F1C0BB}.Release|x86.ActiveCfg = Release|Any CPU
		{7F29FCB3-D596-4EDE-8CDF-2AAD42F1C0BB}.Release|x86.Build.0 = Release|Any CPU
		{FAEEA516-2296-4C52-9BE5-525B56F50880}.Debug|Android.ActiveCfg = Debug|Any CPU
		{FAEEA516-2296-4C52-9BE5-525B56F50880}.Debug|Android.Build.0 = Debug|Any CPU
		{FAEEA516-2296-4C52-9BE5-525B56F50880}.Debug|Any CPU.ActiveCfg = Debug|Any CPU
		{FAEEA516-2296-4C52-9BE5-525B56F50880}.Debug|Any CPU.Build.0 = Debug|Any CPU
		{FAEEA516-2296-4C52-9BE5-525B56F50880}.Debug|iOS.ActiveCfg = Debug|Any CPU
		{FAEEA516-2296-4C52-9BE5-525B56F50880}.Debug|iOS.Build.0 = Debug|Any CPU
		{FAEEA516-2296-4C52-9BE5-525B56F50880}.Debug|Windows-ARM.ActiveCfg = Debug|Any CPU
		{FAEEA516-2296-4C52-9BE5-525B56F50880}.Debug|Windows-ARM.Build.0 = Debug|Any CPU
		{FAEEA516-2296-4C52-9BE5-525B56F50880}.Debug|Windows-x64.ActiveCfg = Debug|Any CPU
		{FAEEA516-2296-4C52-9BE5-525B56F50880}.Debug|Windows-x64.Build.0 = Debug|Any CPU
		{FAEEA516-2296-4C52-9BE5-525B56F50880}.Debug|Windows-x86.ActiveCfg = Debug|Any CPU
		{FAEEA516-2296-4C52-9BE5-525B56F50880}.Debug|Windows-x86.Build.0 = Debug|Any CPU
		{FAEEA516-2296-4C52-9BE5-525B56F50880}.Debug|x64.ActiveCfg = Debug|Any CPU
		{FAEEA516-2296-4C52-9BE5-525B56F50880}.Debug|x64.Build.0 = Debug|Any CPU
		{FAEEA516-2296-4C52-9BE5-525B56F50880}.Debug|x86.ActiveCfg = Debug|Any CPU
		{FAEEA516-2296-4C52-9BE5-525B56F50880}.Debug|x86.Build.0 = Debug|Any CPU
		{FAEEA516-2296-4C52-9BE5-525B56F50880}.Release|Android.ActiveCfg = Release|Any CPU
		{FAEEA516-2296-4C52-9BE5-525B56F50880}.Release|Android.Build.0 = Release|Any CPU
		{FAEEA516-2296-4C52-9BE5-525B56F50880}.Release|Any CPU.ActiveCfg = Release|Any CPU
		{FAEEA516-2296-4C52-9BE5-525B56F50880}.Release|Any CPU.Build.0 = Release|Any CPU
		{FAEEA516-2296-4C52-9BE5-525B56F50880}.Release|iOS.ActiveCfg = Release|Any CPU
		{FAEEA516-2296-4C52-9BE5-525B56F50880}.Release|iOS.Build.0 = Release|Any CPU
		{FAEEA516-2296-4C52-9BE5-525B56F50880}.Release|Windows-ARM.ActiveCfg = Release|Any CPU
		{FAEEA516-2296-4C52-9BE5-525B56F50880}.Release|Windows-ARM.Build.0 = Release|Any CPU
		{FAEEA516-2296-4C52-9BE5-525B56F50880}.Release|Windows-x64.ActiveCfg = Release|Any CPU
		{FAEEA516-2296-4C52-9BE5-525B56F50880}.Release|Windows-x64.Build.0 = Release|Any CPU
		{FAEEA516-2296-4C52-9BE5-525B56F50880}.Release|Windows-x86.ActiveCfg = Release|Any CPU
		{FAEEA516-2296-4C52-9BE5-525B56F50880}.Release|Windows-x86.Build.0 = Release|Any CPU
		{FAEEA516-2296-4C52-9BE5-525B56F50880}.Release|x64.ActiveCfg = Release|Any CPU
		{FAEEA516-2296-4C52-9BE5-525B56F50880}.Release|x64.Build.0 = Release|Any CPU
		{FAEEA516-2296-4C52-9BE5-525B56F50880}.Release|x86.ActiveCfg = Release|Any CPU
		{FAEEA516-2296-4C52-9BE5-525B56F50880}.Release|x86.Build.0 = Release|Any CPU
		{AD9E1549-E53F-4B52-9116-F198A1D7C393}.Debug|Android.ActiveCfg = Debug|Any CPU
		{AD9E1549-E53F-4B52-9116-F198A1D7C393}.Debug|Android.Build.0 = Debug|Any CPU
		{AD9E1549-E53F-4B52-9116-F198A1D7C393}.Debug|Any CPU.ActiveCfg = Debug|Any CPU
		{AD9E1549-E53F-4B52-9116-F198A1D7C393}.Debug|Any CPU.Build.0 = Debug|Any CPU
		{AD9E1549-E53F-4B52-9116-F198A1D7C393}.Debug|iOS.ActiveCfg = Debug|Any CPU
		{AD9E1549-E53F-4B52-9116-F198A1D7C393}.Debug|iOS.Build.0 = Debug|Any CPU
		{AD9E1549-E53F-4B52-9116-F198A1D7C393}.Debug|Windows-ARM.ActiveCfg = Debug|Any CPU
		{AD9E1549-E53F-4B52-9116-F198A1D7C393}.Debug|Windows-ARM.Build.0 = Debug|Any CPU
		{AD9E1549-E53F-4B52-9116-F198A1D7C393}.Debug|Windows-x64.ActiveCfg = Debug|Any CPU
		{AD9E1549-E53F-4B52-9116-F198A1D7C393}.Debug|Windows-x64.Build.0 = Debug|Any CPU
		{AD9E1549-E53F-4B52-9116-F198A1D7C393}.Debug|Windows-x86.ActiveCfg = Debug|Any CPU
		{AD9E1549-E53F-4B52-9116-F198A1D7C393}.Debug|Windows-x86.Build.0 = Debug|Any CPU
		{AD9E1549-E53F-4B52-9116-F198A1D7C393}.Debug|x64.ActiveCfg = Debug|Any CPU
		{AD9E1549-E53F-4B52-9116-F198A1D7C393}.Debug|x64.Build.0 = Debug|Any CPU
		{AD9E1549-E53F-4B52-9116-F198A1D7C393}.Debug|x86.ActiveCfg = Debug|Any CPU
		{AD9E1549-E53F-4B52-9116-F198A1D7C393}.Debug|x86.Build.0 = Debug|Any CPU
		{AD9E1549-E53F-4B52-9116-F198A1D7C393}.Release|Android.ActiveCfg = Release|Any CPU
		{AD9E1549-E53F-4B52-9116-F198A1D7C393}.Release|Android.Build.0 = Release|Any CPU
		{AD9E1549-E53F-4B52-9116-F198A1D7C393}.Release|Any CPU.ActiveCfg = Release|Any CPU
		{AD9E1549-E53F-4B52-9116-F198A1D7C393}.Release|Any CPU.Build.0 = Release|Any CPU
		{AD9E1549-E53F-4B52-9116-F198A1D7C393}.Release|iOS.ActiveCfg = Release|Any CPU
		{AD9E1549-E53F-4B52-9116-F198A1D7C393}.Release|iOS.Build.0 = Release|Any CPU
		{AD9E1549-E53F-4B52-9116-F198A1D7C393}.Release|Windows-ARM.ActiveCfg = Release|Any CPU
		{AD9E1549-E53F-4B52-9116-F198A1D7C393}.Release|Windows-ARM.Build.0 = Release|Any CPU
		{AD9E1549-E53F-4B52-9116-F198A1D7C393}.Release|Windows-x64.ActiveCfg = Release|Any CPU
		{AD9E1549-E53F-4B52-9116-F198A1D7C393}.Release|Windows-x64.Build.0 = Release|Any CPU
		{AD9E1549-E53F-4B52-9116-F198A1D7C393}.Release|Windows-x86.ActiveCfg = Release|Any CPU
		{AD9E1549-E53F-4B52-9116-F198A1D7C393}.Release|Windows-x86.Build.0 = Release|Any CPU
		{AD9E1549-E53F-4B52-9116-F198A1D7C393}.Release|x64.ActiveCfg = Release|Any CPU
		{AD9E1549-E53F-4B52-9116-F198A1D7C393}.Release|x64.Build.0 = Release|Any CPU
		{AD9E1549-E53F-4B52-9116-F198A1D7C393}.Release|x86.ActiveCfg = Release|Any CPU
		{AD9E1549-E53F-4B52-9116-F198A1D7C393}.Release|x86.Build.0 = Release|Any CPU
		{1C1AE759-8C0E-40B3-8936-94EC077AAAF2}.Debug|Android.ActiveCfg = Debug|Any CPU
		{1C1AE759-8C0E-40B3-8936-94EC077AAAF2}.Debug|Android.Build.0 = Debug|Any CPU
		{1C1AE759-8C0E-40B3-8936-94EC077AAAF2}.Debug|Any CPU.ActiveCfg = Debug|Any CPU
		{1C1AE759-8C0E-40B3-8936-94EC077AAAF2}.Debug|Any CPU.Build.0 = Debug|Any CPU
		{1C1AE759-8C0E-40B3-8936-94EC077AAAF2}.Debug|iOS.ActiveCfg = Debug|Any CPU
		{1C1AE759-8C0E-40B3-8936-94EC077AAAF2}.Debug|iOS.Build.0 = Debug|Any CPU
		{1C1AE759-8C0E-40B3-8936-94EC077AAAF2}.Debug|Windows-ARM.ActiveCfg = Debug|Any CPU
		{1C1AE759-8C0E-40B3-8936-94EC077AAAF2}.Debug|Windows-ARM.Build.0 = Debug|Any CPU
		{1C1AE759-8C0E-40B3-8936-94EC077AAAF2}.Debug|Windows-x64.ActiveCfg = Debug|Any CPU
		{1C1AE759-8C0E-40B3-8936-94EC077AAAF2}.Debug|Windows-x64.Build.0 = Debug|Any CPU
		{1C1AE759-8C0E-40B3-8936-94EC077AAAF2}.Debug|Windows-x86.ActiveCfg = Debug|Any CPU
		{1C1AE759-8C0E-40B3-8936-94EC077AAAF2}.Debug|Windows-x86.Build.0 = Debug|Any CPU
		{1C1AE759-8C0E-40B3-8936-94EC077AAAF2}.Debug|x64.ActiveCfg = Debug|Any CPU
		{1C1AE759-8C0E-40B3-8936-94EC077AAAF2}.Debug|x64.Build.0 = Debug|Any CPU
		{1C1AE759-8C0E-40B3-8936-94EC077AAAF2}.Debug|x86.ActiveCfg = Debug|Any CPU
		{1C1AE759-8C0E-40B3-8936-94EC077AAAF2}.Debug|x86.Build.0 = Debug|Any CPU
		{1C1AE759-8C0E-40B3-8936-94EC077AAAF2}.Release|Android.ActiveCfg = Release|Any CPU
		{1C1AE759-8C0E-40B3-8936-94EC077AAAF2}.Release|Android.Build.0 = Release|Any CPU
		{1C1AE759-8C0E-40B3-8936-94EC077AAAF2}.Release|Any CPU.ActiveCfg = Release|Any CPU
		{1C1AE759-8C0E-40B3-8936-94EC077AAAF2}.Release|Any CPU.Build.0 = Release|Any CPU
		{1C1AE759-8C0E-40B3-8936-94EC077AAAF2}.Release|iOS.ActiveCfg = Release|Any CPU
		{1C1AE759-8C0E-40B3-8936-94EC077AAAF2}.Release|iOS.Build.0 = Release|Any CPU
		{1C1AE759-8C0E-40B3-8936-94EC077AAAF2}.Release|Windows-ARM.ActiveCfg = Release|Any CPU
		{1C1AE759-8C0E-40B3-8936-94EC077AAAF2}.Release|Windows-ARM.Build.0 = Release|Any CPU
		{1C1AE759-8C0E-40B3-8936-94EC077AAAF2}.Release|Windows-x64.ActiveCfg = Release|Any CPU
		{1C1AE759-8C0E-40B3-8936-94EC077AAAF2}.Release|Windows-x64.Build.0 = Release|Any CPU
		{1C1AE759-8C0E-40B3-8936-94EC077AAAF2}.Release|Windows-x86.ActiveCfg = Release|Any CPU
		{1C1AE759-8C0E-40B3-8936-94EC077AAAF2}.Release|Windows-x86.Build.0 = Release|Any CPU
		{1C1AE759-8C0E-40B3-8936-94EC077AAAF2}.Release|x64.ActiveCfg = Release|Any CPU
		{1C1AE759-8C0E-40B3-8936-94EC077AAAF2}.Release|x64.Build.0 = Release|Any CPU
		{1C1AE759-8C0E-40B3-8936-94EC077AAAF2}.Release|x86.ActiveCfg = Release|Any CPU
		{1C1AE759-8C0E-40B3-8936-94EC077AAAF2}.Release|x86.Build.0 = Release|Any CPU
		{521C6B0D-926F-4301-9441-4DCFDCDD0A59}.Debug|Android.ActiveCfg = Debug|Any CPU
		{521C6B0D-926F-4301-9441-4DCFDCDD0A59}.Debug|Android.Build.0 = Debug|Any CPU
		{521C6B0D-926F-4301-9441-4DCFDCDD0A59}.Debug|Any CPU.ActiveCfg = Debug|Any CPU
		{521C6B0D-926F-4301-9441-4DCFDCDD0A59}.Debug|Any CPU.Build.0 = Debug|Any CPU
		{521C6B0D-926F-4301-9441-4DCFDCDD0A59}.Debug|iOS.ActiveCfg = Debug|Any CPU
		{521C6B0D-926F-4301-9441-4DCFDCDD0A59}.Debug|iOS.Build.0 = Debug|Any CPU
		{521C6B0D-926F-4301-9441-4DCFDCDD0A59}.Debug|Windows-ARM.ActiveCfg = Debug|Any CPU
		{521C6B0D-926F-4301-9441-4DCFDCDD0A59}.Debug|Windows-ARM.Build.0 = Debug|Any CPU
		{521C6B0D-926F-4301-9441-4DCFDCDD0A59}.Debug|Windows-x64.ActiveCfg = Debug|Any CPU
		{521C6B0D-926F-4301-9441-4DCFDCDD0A59}.Debug|Windows-x64.Build.0 = Debug|Any CPU
		{521C6B0D-926F-4301-9441-4DCFDCDD0A59}.Debug|Windows-x86.ActiveCfg = Debug|Any CPU
		{521C6B0D-926F-4301-9441-4DCFDCDD0A59}.Debug|Windows-x86.Build.0 = Debug|Any CPU
		{521C6B0D-926F-4301-9441-4DCFDCDD0A59}.Debug|x64.ActiveCfg = Debug|Any CPU
		{521C6B0D-926F-4301-9441-4DCFDCDD0A59}.Debug|x64.Build.0 = Debug|Any CPU
		{521C6B0D-926F-4301-9441-4DCFDCDD0A59}.Debug|x86.ActiveCfg = Debug|Any CPU
		{521C6B0D-926F-4301-9441-4DCFDCDD0A59}.Debug|x86.Build.0 = Debug|Any CPU
		{521C6B0D-926F-4301-9441-4DCFDCDD0A59}.Release|Android.ActiveCfg = Release|Any CPU
		{521C6B0D-926F-4301-9441-4DCFDCDD0A59}.Release|Android.Build.0 = Release|Any CPU
		{521C6B0D-926F-4301-9441-4DCFDCDD0A59}.Release|Any CPU.ActiveCfg = Release|Any CPU
		{521C6B0D-926F-4301-9441-4DCFDCDD0A59}.Release|Any CPU.Build.0 = Release|Any CPU
		{521C6B0D-926F-4301-9441-4DCFDCDD0A59}.Release|iOS.ActiveCfg = Release|Any CPU
		{521C6B0D-926F-4301-9441-4DCFDCDD0A59}.Release|iOS.Build.0 = Release|Any CPU
		{521C6B0D-926F-4301-9441-4DCFDCDD0A59}.Release|Windows-ARM.ActiveCfg = Release|Any CPU
		{521C6B0D-926F-4301-9441-4DCFDCDD0A59}.Release|Windows-ARM.Build.0 = Release|Any CPU
		{521C6B0D-926F-4301-9441-4DCFDCDD0A59}.Release|Windows-x64.ActiveCfg = Release|Any CPU
		{521C6B0D-926F-4301-9441-4DCFDCDD0A59}.Release|Windows-x64.Build.0 = Release|Any CPU
		{521C6B0D-926F-4301-9441-4DCFDCDD0A59}.Release|Windows-x86.ActiveCfg = Release|Any CPU
		{521C6B0D-926F-4301-9441-4DCFDCDD0A59}.Release|Windows-x86.Build.0 = Release|Any CPU
		{521C6B0D-926F-4301-9441-4DCFDCDD0A59}.Release|x64.ActiveCfg = Release|Any CPU
		{521C6B0D-926F-4301-9441-4DCFDCDD0A59}.Release|x64.Build.0 = Release|Any CPU
		{521C6B0D-926F-4301-9441-4DCFDCDD0A59}.Release|x86.ActiveCfg = Release|Any CPU
		{521C6B0D-926F-4301-9441-4DCFDCDD0A59}.Release|x86.Build.0 = Release|Any CPU
		{44A20BD4-D2D8-43C4-8DB7-FA1129C3F0E1}.Debug|Android.ActiveCfg = Debug|Any CPU
		{44A20BD4-D2D8-43C4-8DB7-FA1129C3F0E1}.Debug|Android.Build.0 = Debug|Any CPU
		{44A20BD4-D2D8-43C4-8DB7-FA1129C3F0E1}.Debug|Any CPU.ActiveCfg = Debug|Any CPU
		{44A20BD4-D2D8-43C4-8DB7-FA1129C3F0E1}.Debug|Any CPU.Build.0 = Debug|Any CPU
		{44A20BD4-D2D8-43C4-8DB7-FA1129C3F0E1}.Debug|iOS.ActiveCfg = Debug|Any CPU
		{44A20BD4-D2D8-43C4-8DB7-FA1129C3F0E1}.Debug|iOS.Build.0 = Debug|Any CPU
		{44A20BD4-D2D8-43C4-8DB7-FA1129C3F0E1}.Debug|Windows-ARM.ActiveCfg = Debug|Any CPU
		{44A20BD4-D2D8-43C4-8DB7-FA1129C3F0E1}.Debug|Windows-ARM.Build.0 = Debug|Any CPU
		{44A20BD4-D2D8-43C4-8DB7-FA1129C3F0E1}.Debug|Windows-x64.ActiveCfg = Debug|Any CPU
		{44A20BD4-D2D8-43C4-8DB7-FA1129C3F0E1}.Debug|Windows-x64.Build.0 = Debug|Any CPU
		{44A20BD4-D2D8-43C4-8DB7-FA1129C3F0E1}.Debug|Windows-x86.ActiveCfg = Debug|Any CPU
		{44A20BD4-D2D8-43C4-8DB7-FA1129C3F0E1}.Debug|Windows-x86.Build.0 = Debug|Any CPU
		{44A20BD4-D2D8-43C4-8DB7-FA1129C3F0E1}.Debug|x64.ActiveCfg = Debug|Any CPU
		{44A20BD4-D2D8-43C4-8DB7-FA1129C3F0E1}.Debug|x64.Build.0 = Debug|Any CPU
		{44A20BD4-D2D8-43C4-8DB7-FA1129C3F0E1}.Debug|x86.ActiveCfg = Debug|Any CPU
		{44A20BD4-D2D8-43C4-8DB7-FA1129C3F0E1}.Debug|x86.Build.0 = Debug|Any CPU
		{44A20BD4-D2D8-43C4-8DB7-FA1129C3F0E1}.Release|Android.ActiveCfg = Release|Any CPU
		{44A20BD4-D2D8-43C4-8DB7-FA1129C3F0E1}.Release|Android.Build.0 = Release|Any CPU
		{44A20BD4-D2D8-43C4-8DB7-FA1129C3F0E1}.Release|Any CPU.ActiveCfg = Release|Any CPU
		{44A20BD4-D2D8-43C4-8DB7-FA1129C3F0E1}.Release|Any CPU.Build.0 = Release|Any CPU
		{44A20BD4-D2D8-43C4-8DB7-FA1129C3F0E1}.Release|iOS.ActiveCfg = Release|Any CPU
		{44A20BD4-D2D8-43C4-8DB7-FA1129C3F0E1}.Release|iOS.Build.0 = Release|Any CPU
		{44A20BD4-D2D8-43C4-8DB7-FA1129C3F0E1}.Release|Windows-ARM.ActiveCfg = Release|Any CPU
		{44A20BD4-D2D8-43C4-8DB7-FA1129C3F0E1}.Release|Windows-ARM.Build.0 = Release|Any CPU
		{44A20BD4-D2D8-43C4-8DB7-FA1129C3F0E1}.Release|Windows-x64.ActiveCfg = Release|Any CPU
		{44A20BD4-D2D8-43C4-8DB7-FA1129C3F0E1}.Release|Windows-x64.Build.0 = Release|Any CPU
		{44A20BD4-D2D8-43C4-8DB7-FA1129C3F0E1}.Release|Windows-x86.ActiveCfg = Release|Any CPU
		{44A20BD4-D2D8-43C4-8DB7-FA1129C3F0E1}.Release|Windows-x86.Build.0 = Release|Any CPU
		{44A20BD4-D2D8-43C4-8DB7-FA1129C3F0E1}.Release|x64.ActiveCfg = Release|Any CPU
		{44A20BD4-D2D8-43C4-8DB7-FA1129C3F0E1}.Release|x64.Build.0 = Release|Any CPU
		{44A20BD4-D2D8-43C4-8DB7-FA1129C3F0E1}.Release|x86.ActiveCfg = Release|Any CPU
		{44A20BD4-D2D8-43C4-8DB7-FA1129C3F0E1}.Release|x86.Build.0 = Release|Any CPU
		{883C640B-0BF7-4003-97AA-05C87776F58A}.Debug|Android.ActiveCfg = Debug|Any CPU
		{883C640B-0BF7-4003-97AA-05C87776F58A}.Debug|Android.Build.0 = Debug|Any CPU
		{883C640B-0BF7-4003-97AA-05C87776F58A}.Debug|Any CPU.ActiveCfg = Debug|Any CPU
		{883C640B-0BF7-4003-97AA-05C87776F58A}.Debug|Any CPU.Build.0 = Debug|Any CPU
		{883C640B-0BF7-4003-97AA-05C87776F58A}.Debug|iOS.ActiveCfg = Debug|Any CPU
		{883C640B-0BF7-4003-97AA-05C87776F58A}.Debug|iOS.Build.0 = Debug|Any CPU
		{883C640B-0BF7-4003-97AA-05C87776F58A}.Debug|Windows-ARM.ActiveCfg = Debug|Any CPU
		{883C640B-0BF7-4003-97AA-05C87776F58A}.Debug|Windows-ARM.Build.0 = Debug|Any CPU
		{883C640B-0BF7-4003-97AA-05C87776F58A}.Debug|Windows-x64.ActiveCfg = Debug|Any CPU
		{883C640B-0BF7-4003-97AA-05C87776F58A}.Debug|Windows-x64.Build.0 = Debug|Any CPU
		{883C640B-0BF7-4003-97AA-05C87776F58A}.Debug|Windows-x86.ActiveCfg = Debug|Any CPU
		{883C640B-0BF7-4003-97AA-05C87776F58A}.Debug|Windows-x86.Build.0 = Debug|Any CPU
		{883C640B-0BF7-4003-97AA-05C87776F58A}.Debug|x64.ActiveCfg = Debug|Any CPU
		{883C640B-0BF7-4003-97AA-05C87776F58A}.Debug|x64.Build.0 = Debug|Any CPU
		{883C640B-0BF7-4003-97AA-05C87776F58A}.Debug|x86.ActiveCfg = Debug|Any CPU
		{883C640B-0BF7-4003-97AA-05C87776F58A}.Debug|x86.Build.0 = Debug|Any CPU
		{883C640B-0BF7-4003-97AA-05C87776F58A}.Release|Android.ActiveCfg = Release|Any CPU
		{883C640B-0BF7-4003-97AA-05C87776F58A}.Release|Android.Build.0 = Release|Any CPU
		{883C640B-0BF7-4003-97AA-05C87776F58A}.Release|Any CPU.ActiveCfg = Release|Any CPU
		{883C640B-0BF7-4003-97AA-05C87776F58A}.Release|Any CPU.Build.0 = Release|Any CPU
		{883C640B-0BF7-4003-97AA-05C87776F58A}.Release|iOS.ActiveCfg = Release|Any CPU
		{883C640B-0BF7-4003-97AA-05C87776F58A}.Release|iOS.Build.0 = Release|Any CPU
		{883C640B-0BF7-4003-97AA-05C87776F58A}.Release|Windows-ARM.ActiveCfg = Release|Any CPU
		{883C640B-0BF7-4003-97AA-05C87776F58A}.Release|Windows-ARM.Build.0 = Release|Any CPU
		{883C640B-0BF7-4003-97AA-05C87776F58A}.Release|Windows-x64.ActiveCfg = Release|Any CPU
		{883C640B-0BF7-4003-97AA-05C87776F58A}.Release|Windows-x64.Build.0 = Release|Any CPU
		{883C640B-0BF7-4003-97AA-05C87776F58A}.Release|Windows-x86.ActiveCfg = Release|Any CPU
		{883C640B-0BF7-4003-97AA-05C87776F58A}.Release|Windows-x86.Build.0 = Release|Any CPU
		{883C640B-0BF7-4003-97AA-05C87776F58A}.Release|x64.ActiveCfg = Release|Any CPU
		{883C640B-0BF7-4003-97AA-05C87776F58A}.Release|x64.Build.0 = Release|Any CPU
		{883C640B-0BF7-4003-97AA-05C87776F58A}.Release|x86.ActiveCfg = Release|Any CPU
		{883C640B-0BF7-4003-97AA-05C87776F58A}.Release|x86.Build.0 = Release|Any CPU
		{02666E1B-53C7-42DB-AC39-A16127DD5C81}.Debug|Android.ActiveCfg = Debug|Any CPU
		{02666E1B-53C7-42DB-AC39-A16127DD5C81}.Debug|Android.Build.0 = Debug|Any CPU
		{02666E1B-53C7-42DB-AC39-A16127DD5C81}.Debug|Any CPU.ActiveCfg = Debug|Any CPU
		{02666E1B-53C7-42DB-AC39-A16127DD5C81}.Debug|Any CPU.Build.0 = Debug|Any CPU
		{02666E1B-53C7-42DB-AC39-A16127DD5C81}.Debug|iOS.ActiveCfg = Debug|Any CPU
		{02666E1B-53C7-42DB-AC39-A16127DD5C81}.Debug|iOS.Build.0 = Debug|Any CPU
		{02666E1B-53C7-42DB-AC39-A16127DD5C81}.Debug|Windows-ARM.ActiveCfg = Debug|Any CPU
		{02666E1B-53C7-42DB-AC39-A16127DD5C81}.Debug|Windows-ARM.Build.0 = Debug|Any CPU
		{02666E1B-53C7-42DB-AC39-A16127DD5C81}.Debug|Windows-x64.ActiveCfg = Debug|Any CPU
		{02666E1B-53C7-42DB-AC39-A16127DD5C81}.Debug|Windows-x64.Build.0 = Debug|Any CPU
		{02666E1B-53C7-42DB-AC39-A16127DD5C81}.Debug|Windows-x86.ActiveCfg = Debug|Any CPU
		{02666E1B-53C7-42DB-AC39-A16127DD5C81}.Debug|Windows-x86.Build.0 = Debug|Any CPU
		{02666E1B-53C7-42DB-AC39-A16127DD5C81}.Debug|x64.ActiveCfg = Debug|Any CPU
		{02666E1B-53C7-42DB-AC39-A16127DD5C81}.Debug|x64.Build.0 = Debug|Any CPU
		{02666E1B-53C7-42DB-AC39-A16127DD5C81}.Debug|x86.ActiveCfg = Debug|Any CPU
		{02666E1B-53C7-42DB-AC39-A16127DD5C81}.Debug|x86.Build.0 = Debug|Any CPU
		{02666E1B-53C7-42DB-AC39-A16127DD5C81}.Release|Android.ActiveCfg = Release|Any CPU
		{02666E1B-53C7-42DB-AC39-A16127DD5C81}.Release|Android.Build.0 = Release|Any CPU
		{02666E1B-53C7-42DB-AC39-A16127DD5C81}.Release|Any CPU.ActiveCfg = Release|Any CPU
		{02666E1B-53C7-42DB-AC39-A16127DD5C81}.Release|Any CPU.Build.0 = Release|Any CPU
		{02666E1B-53C7-42DB-AC39-A16127DD5C81}.Release|iOS.ActiveCfg = Release|Any CPU
		{02666E1B-53C7-42DB-AC39-A16127DD5C81}.Release|iOS.Build.0 = Release|Any CPU
		{02666E1B-53C7-42DB-AC39-A16127DD5C81}.Release|Windows-ARM.ActiveCfg = Release|Any CPU
		{02666E1B-53C7-42DB-AC39-A16127DD5C81}.Release|Windows-ARM.Build.0 = Release|Any CPU
		{02666E1B-53C7-42DB-AC39-A16127DD5C81}.Release|Windows-x64.ActiveCfg = Release|Any CPU
		{02666E1B-53C7-42DB-AC39-A16127DD5C81}.Release|Windows-x64.Build.0 = Release|Any CPU
		{02666E1B-53C7-42DB-AC39-A16127DD5C81}.Release|Windows-x86.ActiveCfg = Release|Any CPU
		{02666E1B-53C7-42DB-AC39-A16127DD5C81}.Release|Windows-x86.Build.0 = Release|Any CPU
		{02666E1B-53C7-42DB-AC39-A16127DD5C81}.Release|x64.ActiveCfg = Release|Any CPU
		{02666E1B-53C7-42DB-AC39-A16127DD5C81}.Release|x64.Build.0 = Release|Any CPU
		{02666E1B-53C7-42DB-AC39-A16127DD5C81}.Release|x86.ActiveCfg = Release|Any CPU
		{02666E1B-53C7-42DB-AC39-A16127DD5C81}.Release|x86.Build.0 = Release|Any CPU
		{06CEAC59-C96C-4F84-B1D6-14AA5753BB43}.Debug|Android.ActiveCfg = Debug|Any CPU
		{06CEAC59-C96C-4F84-B1D6-14AA5753BB43}.Debug|Android.Build.0 = Debug|Any CPU
		{06CEAC59-C96C-4F84-B1D6-14AA5753BB43}.Debug|Any CPU.ActiveCfg = Debug|Any CPU
		{06CEAC59-C96C-4F84-B1D6-14AA5753BB43}.Debug|Any CPU.Build.0 = Debug|Any CPU
		{06CEAC59-C96C-4F84-B1D6-14AA5753BB43}.Debug|iOS.ActiveCfg = Debug|Any CPU
		{06CEAC59-C96C-4F84-B1D6-14AA5753BB43}.Debug|iOS.Build.0 = Debug|Any CPU
		{06CEAC59-C96C-4F84-B1D6-14AA5753BB43}.Debug|Windows-ARM.ActiveCfg = Debug|Any CPU
		{06CEAC59-C96C-4F84-B1D6-14AA5753BB43}.Debug|Windows-ARM.Build.0 = Debug|Any CPU
		{06CEAC59-C96C-4F84-B1D6-14AA5753BB43}.Debug|Windows-x64.ActiveCfg = Debug|Any CPU
		{06CEAC59-C96C-4F84-B1D6-14AA5753BB43}.Debug|Windows-x64.Build.0 = Debug|Any CPU
		{06CEAC59-C96C-4F84-B1D6-14AA5753BB43}.Debug|Windows-x86.ActiveCfg = Debug|Any CPU
		{06CEAC59-C96C-4F84-B1D6-14AA5753BB43}.Debug|Windows-x86.Build.0 = Debug|Any CPU
		{06CEAC59-C96C-4F84-B1D6-14AA5753BB43}.Debug|x64.ActiveCfg = Debug|Any CPU
		{06CEAC59-C96C-4F84-B1D6-14AA5753BB43}.Debug|x64.Build.0 = Debug|Any CPU
		{06CEAC59-C96C-4F84-B1D6-14AA5753BB43}.Debug|x86.ActiveCfg = Debug|Any CPU
		{06CEAC59-C96C-4F84-B1D6-14AA5753BB43}.Debug|x86.Build.0 = Debug|Any CPU
		{06CEAC59-C96C-4F84-B1D6-14AA5753BB43}.Release|Android.ActiveCfg = Release|Any CPU
		{06CEAC59-C96C-4F84-B1D6-14AA5753BB43}.Release|Android.Build.0 = Release|Any CPU
		{06CEAC59-C96C-4F84-B1D6-14AA5753BB43}.Release|Any CPU.ActiveCfg = Release|Any CPU
		{06CEAC59-C96C-4F84-B1D6-14AA5753BB43}.Release|Any CPU.Build.0 = Release|Any CPU
		{06CEAC59-C96C-4F84-B1D6-14AA5753BB43}.Release|iOS.ActiveCfg = Release|Any CPU
		{06CEAC59-C96C-4F84-B1D6-14AA5753BB43}.Release|iOS.Build.0 = Release|Any CPU
		{06CEAC59-C96C-4F84-B1D6-14AA5753BB43}.Release|Windows-ARM.ActiveCfg = Release|Any CPU
		{06CEAC59-C96C-4F84-B1D6-14AA5753BB43}.Release|Windows-ARM.Build.0 = Release|Any CPU
		{06CEAC59-C96C-4F84-B1D6-14AA5753BB43}.Release|Windows-x64.ActiveCfg = Release|Any CPU
		{06CEAC59-C96C-4F84-B1D6-14AA5753BB43}.Release|Windows-x64.Build.0 = Release|Any CPU
		{06CEAC59-C96C-4F84-B1D6-14AA5753BB43}.Release|Windows-x86.ActiveCfg = Release|Any CPU
		{06CEAC59-C96C-4F84-B1D6-14AA5753BB43}.Release|Windows-x86.Build.0 = Release|Any CPU
		{06CEAC59-C96C-4F84-B1D6-14AA5753BB43}.Release|x64.ActiveCfg = Release|Any CPU
		{06CEAC59-C96C-4F84-B1D6-14AA5753BB43}.Release|x64.Build.0 = Release|Any CPU
		{06CEAC59-C96C-4F84-B1D6-14AA5753BB43}.Release|x86.ActiveCfg = Release|Any CPU
		{06CEAC59-C96C-4F84-B1D6-14AA5753BB43}.Release|x86.Build.0 = Release|Any CPU
		{E306B786-C40E-4FD1-99EF-8AF99C9CBA3B}.Debug|Android.ActiveCfg = Debug|Any CPU
		{E306B786-C40E-4FD1-99EF-8AF99C9CBA3B}.Debug|Android.Build.0 = Debug|Any CPU
		{E306B786-C40E-4FD1-99EF-8AF99C9CBA3B}.Debug|Any CPU.ActiveCfg = Debug|Any CPU
		{E306B786-C40E-4FD1-99EF-8AF99C9CBA3B}.Debug|Any CPU.Build.0 = Debug|Any CPU
		{E306B786-C40E-4FD1-99EF-8AF99C9CBA3B}.Debug|iOS.ActiveCfg = Debug|Any CPU
		{E306B786-C40E-4FD1-99EF-8AF99C9CBA3B}.Debug|iOS.Build.0 = Debug|Any CPU
		{E306B786-C40E-4FD1-99EF-8AF99C9CBA3B}.Debug|Windows-ARM.ActiveCfg = Debug|Any CPU
		{E306B786-C40E-4FD1-99EF-8AF99C9CBA3B}.Debug|Windows-ARM.Build.0 = Debug|Any CPU
		{E306B786-C40E-4FD1-99EF-8AF99C9CBA3B}.Debug|Windows-x64.ActiveCfg = Debug|Any CPU
		{E306B786-C40E-4FD1-99EF-8AF99C9CBA3B}.Debug|Windows-x64.Build.0 = Debug|Any CPU
		{E306B786-C40E-4FD1-99EF-8AF99C9CBA3B}.Debug|Windows-x86.ActiveCfg = Debug|Any CPU
		{E306B786-C40E-4FD1-99EF-8AF99C9CBA3B}.Debug|Windows-x86.Build.0 = Debug|Any CPU
		{E306B786-C40E-4FD1-99EF-8AF99C9CBA3B}.Debug|x64.ActiveCfg = Debug|Any CPU
		{E306B786-C40E-4FD1-99EF-8AF99C9CBA3B}.Debug|x64.Build.0 = Debug|Any CPU
		{E306B786-C40E-4FD1-99EF-8AF99C9CBA3B}.Debug|x86.ActiveCfg = Debug|Any CPU
		{E306B786-C40E-4FD1-99EF-8AF99C9CBA3B}.Debug|x86.Build.0 = Debug|Any CPU
		{E306B786-C40E-4FD1-99EF-8AF99C9CBA3B}.Release|Android.ActiveCfg = Release|Any CPU
		{E306B786-C40E-4FD1-99EF-8AF99C9CBA3B}.Release|Android.Build.0 = Release|Any CPU
		{E306B786-C40E-4FD1-99EF-8AF99C9CBA3B}.Release|Any CPU.ActiveCfg = Release|Any CPU
		{E306B786-C40E-4FD1-99EF-8AF99C9CBA3B}.Release|Any CPU.Build.0 = Release|Any CPU
		{E306B786-C40E-4FD1-99EF-8AF99C9CBA3B}.Release|iOS.ActiveCfg = Release|Any CPU
		{E306B786-C40E-4FD1-99EF-8AF99C9CBA3B}.Release|iOS.Build.0 = Release|Any CPU
		{E306B786-C40E-4FD1-99EF-8AF99C9CBA3B}.Release|Windows-ARM.ActiveCfg = Release|Any CPU
		{E306B786-C40E-4FD1-99EF-8AF99C9CBA3B}.Release|Windows-ARM.Build.0 = Release|Any CPU
		{E306B786-C40E-4FD1-99EF-8AF99C9CBA3B}.Release|Windows-x64.ActiveCfg = Release|Any CPU
		{E306B786-C40E-4FD1-99EF-8AF99C9CBA3B}.Release|Windows-x64.Build.0 = Release|Any CPU
		{E306B786-C40E-4FD1-99EF-8AF99C9CBA3B}.Release|Windows-x86.ActiveCfg = Release|Any CPU
		{E306B786-C40E-4FD1-99EF-8AF99C9CBA3B}.Release|Windows-x86.Build.0 = Release|Any CPU
		{E306B786-C40E-4FD1-99EF-8AF99C9CBA3B}.Release|x64.ActiveCfg = Release|Any CPU
		{E306B786-C40E-4FD1-99EF-8AF99C9CBA3B}.Release|x64.Build.0 = Release|Any CPU
		{E306B786-C40E-4FD1-99EF-8AF99C9CBA3B}.Release|x86.ActiveCfg = Release|Any CPU
		{E306B786-C40E-4FD1-99EF-8AF99C9CBA3B}.Release|x86.Build.0 = Release|Any CPU
		{8A992BB3-1EC1-41AC-B044-2C7A574E380B}.Debug|Android.ActiveCfg = Debug|Any CPU
		{8A992BB3-1EC1-41AC-B044-2C7A574E380B}.Debug|Android.Build.0 = Debug|Any CPU
		{8A992BB3-1EC1-41AC-B044-2C7A574E380B}.Debug|Any CPU.ActiveCfg = Debug|Any CPU
		{8A992BB3-1EC1-41AC-B044-2C7A574E380B}.Debug|Any CPU.Build.0 = Debug|Any CPU
		{8A992BB3-1EC1-41AC-B044-2C7A574E380B}.Debug|iOS.ActiveCfg = Debug|Any CPU
		{8A992BB3-1EC1-41AC-B044-2C7A574E380B}.Debug|iOS.Build.0 = Debug|Any CPU
		{8A992BB3-1EC1-41AC-B044-2C7A574E380B}.Debug|Windows-ARM.ActiveCfg = Debug|Any CPU
		{8A992BB3-1EC1-41AC-B044-2C7A574E380B}.Debug|Windows-ARM.Build.0 = Debug|Any CPU
		{8A992BB3-1EC1-41AC-B044-2C7A574E380B}.Debug|Windows-x64.ActiveCfg = Debug|Any CPU
		{8A992BB3-1EC1-41AC-B044-2C7A574E380B}.Debug|Windows-x64.Build.0 = Debug|Any CPU
		{8A992BB3-1EC1-41AC-B044-2C7A574E380B}.Debug|Windows-x86.ActiveCfg = Debug|Any CPU
		{8A992BB3-1EC1-41AC-B044-2C7A574E380B}.Debug|Windows-x86.Build.0 = Debug|Any CPU
		{8A992BB3-1EC1-41AC-B044-2C7A574E380B}.Debug|x64.ActiveCfg = Debug|Any CPU
		{8A992BB3-1EC1-41AC-B044-2C7A574E380B}.Debug|x64.Build.0 = Debug|Any CPU
		{8A992BB3-1EC1-41AC-B044-2C7A574E380B}.Debug|x86.ActiveCfg = Debug|Any CPU
		{8A992BB3-1EC1-41AC-B044-2C7A574E380B}.Debug|x86.Build.0 = Debug|Any CPU
		{8A992BB3-1EC1-41AC-B044-2C7A574E380B}.Release|Android.ActiveCfg = Release|Any CPU
		{8A992BB3-1EC1-41AC-B044-2C7A574E380B}.Release|Android.Build.0 = Release|Any CPU
		{8A992BB3-1EC1-41AC-B044-2C7A574E380B}.Release|Any CPU.ActiveCfg = Release|Any CPU
		{8A992BB3-1EC1-41AC-B044-2C7A574E380B}.Release|Any CPU.Build.0 = Release|Any CPU
		{8A992BB3-1EC1-41AC-B044-2C7A574E380B}.Release|iOS.ActiveCfg = Release|Any CPU
		{8A992BB3-1EC1-41AC-B044-2C7A574E380B}.Release|iOS.Build.0 = Release|Any CPU
		{8A992BB3-1EC1-41AC-B044-2C7A574E380B}.Release|Windows-ARM.ActiveCfg = Release|Any CPU
		{8A992BB3-1EC1-41AC-B044-2C7A574E380B}.Release|Windows-ARM.Build.0 = Release|Any CPU
		{8A992BB3-1EC1-41AC-B044-2C7A574E380B}.Release|Windows-x64.ActiveCfg = Release|Any CPU
		{8A992BB3-1EC1-41AC-B044-2C7A574E380B}.Release|Windows-x64.Build.0 = Release|Any CPU
		{8A992BB3-1EC1-41AC-B044-2C7A574E380B}.Release|Windows-x86.ActiveCfg = Release|Any CPU
		{8A992BB3-1EC1-41AC-B044-2C7A574E380B}.Release|Windows-x86.Build.0 = Release|Any CPU
		{8A992BB3-1EC1-41AC-B044-2C7A574E380B}.Release|x64.ActiveCfg = Release|Any CPU
		{8A992BB3-1EC1-41AC-B044-2C7A574E380B}.Release|x64.Build.0 = Release|Any CPU
		{8A992BB3-1EC1-41AC-B044-2C7A574E380B}.Release|x86.ActiveCfg = Release|Any CPU
		{8A992BB3-1EC1-41AC-B044-2C7A574E380B}.Release|x86.Build.0 = Release|Any CPU
		{1F6C0F7A-3F7A-4B37-936A-F1B5AD3D3F01}.Debug|Android.ActiveCfg = Debug|Any CPU
		{1F6C0F7A-3F7A-4B37-936A-F1B5AD3D3F01}.Debug|Android.Build.0 = Debug|Any CPU
		{1F6C0F7A-3F7A-4B37-936A-F1B5AD3D3F01}.Debug|Any CPU.ActiveCfg = Debug|Any CPU
		{1F6C0F7A-3F7A-4B37-936A-F1B5AD3D3F01}.Debug|Any CPU.Build.0 = Debug|Any CPU
		{1F6C0F7A-3F7A-4B37-936A-F1B5AD3D3F01}.Debug|iOS.ActiveCfg = Debug|Any CPU
		{1F6C0F7A-3F7A-4B37-936A-F1B5AD3D3F01}.Debug|iOS.Build.0 = Debug|Any CPU
		{1F6C0F7A-3F7A-4B37-936A-F1B5AD3D3F01}.Debug|Windows-ARM.ActiveCfg = Debug|Any CPU
		{1F6C0F7A-3F7A-4B37-936A-F1B5AD3D3F01}.Debug|Windows-ARM.Build.0 = Debug|Any CPU
		{1F6C0F7A-3F7A-4B37-936A-F1B5AD3D3F01}.Debug|Windows-x64.ActiveCfg = Debug|Any CPU
		{1F6C0F7A-3F7A-4B37-936A-F1B5AD3D3F01}.Debug|Windows-x64.Build.0 = Debug|Any CPU
		{1F6C0F7A-3F7A-4B37-936A-F1B5AD3D3F01}.Debug|Windows-x86.ActiveCfg = Debug|Any CPU
		{1F6C0F7A-3F7A-4B37-936A-F1B5AD3D3F01}.Debug|Windows-x86.Build.0 = Debug|Any CPU
		{1F6C0F7A-3F7A-4B37-936A-F1B5AD3D3F01}.Debug|x64.ActiveCfg = Debug|Any CPU
		{1F6C0F7A-3F7A-4B37-936A-F1B5AD3D3F01}.Debug|x64.Build.0 = Debug|Any CPU
		{1F6C0F7A-3F7A-4B37-936A-F1B5AD3D3F01}.Debug|x86.ActiveCfg = Debug|Any CPU
		{1F6C0F7A-3F7A-4B37-936A-F1B5AD3D3F01}.Debug|x86.Build.0 = Debug|Any CPU
		{1F6C0F7A-3F7A-4B37-936A-F1B5AD3D3F01}.Release|Android.ActiveCfg = Release|Any CPU
		{1F6C0F7A-3F7A-4B37-936A-F1B5AD3D3F01}.Release|Android.Build.0 = Release|Any CPU
		{1F6C0F7A-3F7A-4B37-936A-F1B5AD3D3F01}.Release|Any CPU.ActiveCfg = Release|Any CPU
		{1F6C0F7A-3F7A-4B37-936A-F1B5AD3D3F01}.Release|Any CPU.Build.0 = Release|Any CPU
		{1F6C0F7A-3F7A-4B37-936A-F1B5AD3D3F01}.Release|iOS.ActiveCfg = Release|Any CPU
		{1F6C0F7A-3F7A-4B37-936A-F1B5AD3D3F01}.Release|iOS.Build.0 = Release|Any CPU
		{1F6C0F7A-3F7A-4B37-936A-F1B5AD3D3F01}.Release|Windows-ARM.ActiveCfg = Release|Any CPU
		{1F6C0F7A-3F7A-4B37-936A-F1B5AD3D3F01}.Release|Windows-ARM.Build.0 = Release|Any CPU
		{1F6C0F7A-3F7A-4B37-936A-F1B5AD3D3F01}.Release|Windows-x64.ActiveCfg = Release|Any CPU
		{1F6C0F7A-3F7A-4B37-936A-F1B5AD3D3F01}.Release|Windows-x64.Build.0 = Release|Any CPU
		{1F6C0F7A-3F7A-4B37-936A-F1B5AD3D3F01}.Release|Windows-x86.ActiveCfg = Release|Any CPU
		{1F6C0F7A-3F7A-4B37-936A-F1B5AD3D3F01}.Release|Windows-x86.Build.0 = Release|Any CPU
		{1F6C0F7A-3F7A-4B37-936A-F1B5AD3D3F01}.Release|x64.ActiveCfg = Release|Any CPU
		{1F6C0F7A-3F7A-4B37-936A-F1B5AD3D3F01}.Release|x64.Build.0 = Release|Any CPU
		{1F6C0F7A-3F7A-4B37-936A-F1B5AD3D3F01}.Release|x86.ActiveCfg = Release|Any CPU
		{1F6C0F7A-3F7A-4B37-936A-F1B5AD3D3F01}.Release|x86.Build.0 = Release|Any CPU
		{183F2465-F2AE-4548-BAB6-88C8BB4076F0}.Debug|Android.ActiveCfg = Debug|Any CPU
		{183F2465-F2AE-4548-BAB6-88C8BB4076F0}.Debug|Android.Build.0 = Debug|Any CPU
		{183F2465-F2AE-4548-BAB6-88C8BB4076F0}.Debug|Any CPU.ActiveCfg = Debug|Any CPU
		{183F2465-F2AE-4548-BAB6-88C8BB4076F0}.Debug|Any CPU.Build.0 = Debug|Any CPU
		{183F2465-F2AE-4548-BAB6-88C8BB4076F0}.Debug|iOS.ActiveCfg = Debug|Any CPU
		{183F2465-F2AE-4548-BAB6-88C8BB4076F0}.Debug|iOS.Build.0 = Debug|Any CPU
		{183F2465-F2AE-4548-BAB6-88C8BB4076F0}.Debug|Windows-ARM.ActiveCfg = Debug|Any CPU
		{183F2465-F2AE-4548-BAB6-88C8BB4076F0}.Debug|Windows-ARM.Build.0 = Debug|Any CPU
		{183F2465-F2AE-4548-BAB6-88C8BB4076F0}.Debug|Windows-x64.ActiveCfg = Debug|Any CPU
		{183F2465-F2AE-4548-BAB6-88C8BB4076F0}.Debug|Windows-x64.Build.0 = Debug|Any CPU
		{183F2465-F2AE-4548-BAB6-88C8BB4076F0}.Debug|Windows-x86.ActiveCfg = Debug|Any CPU
		{183F2465-F2AE-4548-BAB6-88C8BB4076F0}.Debug|Windows-x86.Build.0 = Debug|Any CPU
		{183F2465-F2AE-4548-BAB6-88C8BB4076F0}.Debug|x64.ActiveCfg = Debug|Any CPU
		{183F2465-F2AE-4548-BAB6-88C8BB4076F0}.Debug|x64.Build.0 = Debug|Any CPU
		{183F2465-F2AE-4548-BAB6-88C8BB4076F0}.Debug|x86.ActiveCfg = Debug|Any CPU
		{183F2465-F2AE-4548-BAB6-88C8BB4076F0}.Debug|x86.Build.0 = Debug|Any CPU
		{183F2465-F2AE-4548-BAB6-88C8BB4076F0}.Release|Android.ActiveCfg = Release|Any CPU
		{183F2465-F2AE-4548-BAB6-88C8BB4076F0}.Release|Android.Build.0 = Release|Any CPU
		{183F2465-F2AE-4548-BAB6-88C8BB4076F0}.Release|Any CPU.ActiveCfg = Release|Any CPU
		{183F2465-F2AE-4548-BAB6-88C8BB4076F0}.Release|Any CPU.Build.0 = Release|Any CPU
		{183F2465-F2AE-4548-BAB6-88C8BB4076F0}.Release|iOS.ActiveCfg = Release|Any CPU
		{183F2465-F2AE-4548-BAB6-88C8BB4076F0}.Release|iOS.Build.0 = Release|Any CPU
		{183F2465-F2AE-4548-BAB6-88C8BB4076F0}.Release|Windows-ARM.ActiveCfg = Release|Any CPU
		{183F2465-F2AE-4548-BAB6-88C8BB4076F0}.Release|Windows-ARM.Build.0 = Release|Any CPU
		{183F2465-F2AE-4548-BAB6-88C8BB4076F0}.Release|Windows-x64.ActiveCfg = Release|Any CPU
		{183F2465-F2AE-4548-BAB6-88C8BB4076F0}.Release|Windows-x64.Build.0 = Release|Any CPU
		{183F2465-F2AE-4548-BAB6-88C8BB4076F0}.Release|Windows-x86.ActiveCfg = Release|Any CPU
		{183F2465-F2AE-4548-BAB6-88C8BB4076F0}.Release|Windows-x86.Build.0 = Release|Any CPU
		{183F2465-F2AE-4548-BAB6-88C8BB4076F0}.Release|x64.ActiveCfg = Release|Any CPU
		{183F2465-F2AE-4548-BAB6-88C8BB4076F0}.Release|x64.Build.0 = Release|Any CPU
		{183F2465-F2AE-4548-BAB6-88C8BB4076F0}.Release|x86.ActiveCfg = Release|Any CPU
		{183F2465-F2AE-4548-BAB6-88C8BB4076F0}.Release|x86.Build.0 = Release|Any CPU
	EndGlobalSection
	GlobalSection(SolutionProperties) = preSolution
		HideSolutionNode = FALSE
	EndGlobalSection
	GlobalSection(NestedProjects) = preSolution
		{68C4C8C2-2A78-4998-9D36-4A3B139B41FE} = {52BA4719-F064-4388-A426-1E1174D3A0EB}
		{A186E18C-A446-4218-A2A8-6B126DABA983} = {52BA4719-F064-4388-A426-1E1174D3A0EB}
		{0AFBD8EE-9049-4B87-BD18-5FB925D38352} = {52BA4719-F064-4388-A426-1E1174D3A0EB}
		{BF9FB9B0-BAEE-457A-8C8E-D82DC68E0710} = {52BA4719-F064-4388-A426-1E1174D3A0EB}
		{38A0A937-1800-4703-B207-BA3BBBF95D8D} = {52BA4719-F064-4388-A426-1E1174D3A0EB}
		{5B251776-C32B-4B06-B52D-6A302BEAC69D} = {52BA4719-F064-4388-A426-1E1174D3A0EB}
		{EB32496F-B021-4179-A593-BA8EB7631BC2} = {FFB752D8-5E1E-4FFA-AC1D-2EEBA4622B20}
		{2B5CADED-2F8B-4809-ABA8-7B679D31E162} = {FFB752D8-5E1E-4FFA-AC1D-2EEBA4622B20}
		{C48FDD29-C5ED-4A7D-BDF0-E5487CAAAF88} = {68C4C8C2-2A78-4998-9D36-4A3B139B41FE}
		{D2558325-785F-4A34-896E-B24846347BFB} = {52BA4719-F064-4388-A426-1E1174D3A0EB}
		{E6C95D60-F0FB-4DE7-93DD-25E43F7D42EA} = {68C4C8C2-2A78-4998-9D36-4A3B139B41FE}
		{C85FC166-E6A4-40C1-BCB8-1FB68042F62F} = {68C4C8C2-2A78-4998-9D36-4A3B139B41FE}
		{215CD0DE-09D8-46F4-A9CF-5C4EAE8217F6} = {52BA4719-F064-4388-A426-1E1174D3A0EB}
		{89E6A0E8-D17B-4B78-BEE4-B4A36C8F4EDD} = {68C4C8C2-2A78-4998-9D36-4A3B139B41FE}
		{7F29FCB3-D596-4EDE-8CDF-2AAD42F1C0BB} = {FFB752D8-5E1E-4FFA-AC1D-2EEBA4622B20}
		{FAEEA516-2296-4C52-9BE5-525B56F50880} = {68C4C8C2-2A78-4998-9D36-4A3B139B41FE}
		{AD9E1549-E53F-4B52-9116-F198A1D7C393} = {FFB752D8-5E1E-4FFA-AC1D-2EEBA4622B20}
		{89394319-E1FB-4E00-8138-1478FED390EE} = {52BA4719-F064-4388-A426-1E1174D3A0EB}
		{02666E1B-53C7-42DB-AC39-A16127DD5C81} = {52BA4719-F064-4388-A426-1E1174D3A0EB}
		{E306B786-C40E-4FD1-99EF-8AF99C9CBA3B} = {52BA4719-F064-4388-A426-1E1174D3A0EB}
		{8A992BB3-1EC1-41AC-B044-2C7A574E380B} = {52BA4719-F064-4388-A426-1E1174D3A0EB}
		{1F6C0F7A-3F7A-4B37-936A-F1B5AD3D3F01} = {52BA4719-F064-4388-A426-1E1174D3A0EB}
		{183F2465-F2AE-4548-BAB6-88C8BB4076F0} = {52BA4719-F064-4388-A426-1E1174D3A0EB}
	EndGlobalSection
EndGlobal
